# This file is generated by running "yarn install" inside your project.
# Manual changes might be lost - proceed with caution!

__metadata:
  version: 4
  cacheKey: 7

"@next/env@npm:14.2.32":
  version: 14.2.32
  resolution: "@next/env@npm:14.2.32"
  checksum: 0524eb7264158dc81add3f82a5b55830d47d0cb444370edb7628c1bcd49ea2aace6a4251d88336576df259dbe924cabc10572bfc3ec6fa677fa43b0016c546ec
  languageName: node
  linkType: hard

"@next/swc-darwin-arm64@npm:14.2.32":
  version: 14.2.32
  resolution: "@next/swc-darwin-arm64@npm:14.2.32"
  checksum: 005ab993899286692fcd8c4622036e304ecfefe709bc9f2128aa67d66d49b22b8d5acc18b7eafd9b2b130993d678c0f5ba2e096822fa207f29f11f0f92ad59fc
  languageName: node
  linkType: hard

"@next/swc-darwin-x64@npm:14.2.32":
  version: 14.2.32
  resolution: "@next/swc-darwin-x64@npm:14.2.32"
  checksum: c1d6245cf4f7fdbf40a3f35ca67861d4891abce160b4b6cd10e312c54f81d21ea9592bbbdf5de8f5ecafd7147236d5ed7df7105a2277272a779dbc2c79d20898
  languageName: node
  linkType: hard

"@next/swc-linux-arm64-gnu@npm:14.2.32":
  version: 14.2.32
  resolution: "@next/swc-linux-arm64-gnu@npm:14.2.32"
  checksum: d9815986b545a907d2f6e261d82542389841504fc378d906e7a3d3c4fbe836f71ee8a7bfde598717e1ed137ab5117f57d84c896f32dc849f6f8236baec1e74dd
  languageName: node
  linkType: hard

"@next/swc-linux-arm64-musl@npm:14.2.32":
  version: 14.2.32
  resolution: "@next/swc-linux-arm64-musl@npm:14.2.32"
  checksum: 57515a0f546fc888750922ac835144a2a870e281b769bbeea0533c325dcf0d1f36c346ab3176db800650e7944c25da745641ecbd79711b9324d89767affd9f1d
  languageName: node
  linkType: hard

"@next/swc-linux-x64-gnu@npm:14.2.32":
  version: 14.2.32
  resolution: "@next/swc-linux-x64-gnu@npm:14.2.32"
  checksum: 1bc31079db41a1efb23fb91801c04a77f63fcc2c0a209ca971d2cec550b85d71c20d55934909e70893dedb901e6934a515c80bfb795ff36263308f96c81ddb70
  languageName: node
  linkType: hard

"@next/swc-linux-x64-musl@npm:14.2.32":
  version: 14.2.32
  resolution: "@next/swc-linux-x64-musl@npm:14.2.32"
  checksum: d2d018264a506dc09a8da113fffffc762d73b68c9532259d752cfd98583e93622b491bc6f627740ebf427f735982ea0bfb231747cfb2188bde176af813974462
  languageName: node
  linkType: hard

"@next/swc-win32-arm64-msvc@npm:14.2.32":
  version: 14.2.32
  resolution: "@next/swc-win32-arm64-msvc@npm:14.2.32"
  checksum: 2443a88e0dce513090a7eb3b3b27a571417630968a05f4ad17a368ef99b79d2a5a36f93d5509c945c45ec4bb54656c3cce59a2a93ae57a7b8eb829646f561e65
  languageName: node
  linkType: hard

"@next/swc-win32-ia32-msvc@npm:14.2.32":
  version: 14.2.32
  resolution: "@next/swc-win32-ia32-msvc@npm:14.2.32"
  checksum: 984508f9d01c292588c8133b48d2fa21635006c2932db1926baaeb71073191f2b172a43bcfebfe235654bcf5dd29a94f596b5db55dc0fe6917f37f470f5a46db
  languageName: node
  linkType: hard

"@next/swc-win32-x64-msvc@npm:14.2.32":
  version: 14.2.32
  resolution: "@next/swc-win32-x64-msvc@npm:14.2.32"
  checksum: 92d9ff4b231bde53352c2ea76e6f5f4671bf0f50c4975bd9266d63226a8eb6c4518648dc7d5e82274c70bca57aed5b98d5e93a868adc33d6086818ed96d8c2ea
  languageName: node
  linkType: hard

"@swc/counter@npm:^0.1.3":
  version: 0.1.3
  resolution: "@swc/counter@npm:0.1.3"
  checksum: 7e2eaee698248e4770b8b62d5483e2767e66e7be221d2aebd0b9a94cb791efdc096326d7162dab13ab952afd108be9f49ceccaa7096387a6e3ab9e4d79a32add
  languageName: node
  linkType: hard

"@swc/helpers@npm:0.5.5":
  version: 0.5.5
  resolution: "@swc/helpers@npm:0.5.5"
  dependencies:
    "@swc/counter": ^0.1.3
    tslib: ^2.4.0
  checksum: 62e6f4b02549f0edb757bca018a014e0455b7232c6d487849751259530b60653475f7c5151afc8d13e9d5ab0e15f19ab8c83a4248b7b0fa1a8a4cb0db433c308
  languageName: node
  linkType: hard

"busboy@npm:1.6.0":
  version: 1.6.0
  resolution: "busboy@npm:1.6.0"
  dependencies:
    streamsearch: ^1.1.0
  checksum: aff2a4abe324563f8bb7f4c4c8d2d497c54a9e4fe6872775847a9d302cb91f96f9d82a9e9b35aa9478ff421ed13a8d367ba4d006f1a9e7283b19c8666b7bad8e
  languageName: node
  linkType: hard

"caniuse-lite@npm:^1.0.30001579":
  version: 1.0.30001737
  resolution: "caniuse-lite@npm:1.0.30001737"
  checksum: ed75514b8d2488d562a7ec53ed7337198889feb02e83a348dc164d3407f3a5ada0cf10fab8f6139ee5cd280952c75e809a3368b8867638f41ed1208e312e9d0c
  languageName: node
  linkType: hard

"client-only@npm:0.0.1":
  version: 0.0.1
  resolution: "client-only@npm:0.0.1"
  checksum: 2ea58a48172e2914658d15a4f3b0e4dd26d6a6c3501387aa030526aa3a2060257c1d519e045d7059243e3134cfe64473feb712c6e608b7c8f642d54b1969c4b6
  languageName: node
  linkType: hard

"graceful-fs@npm:^4.2.11":
  version: 4.2.11
  resolution: "graceful-fs@npm:4.2.11"
  checksum: 99533f7c73bafc139bfc435a628272226cb46dc2b9b3dba7395dcb6c19936db28961ad9fcd648f407c32f91998fb2102a2df4dd13951a9699c5c28e2145713a9
  languageName: node
  linkType: hard

"js-tokens@npm:^3.0.0 || ^4.0.0":
  version: 4.0.0
  resolution: "js-tokens@npm:4.0.0"
  checksum: 1fc4e4667ac2d972aba65148b9cbf9c17566b2394d3504238d8492bbd3e68f496c657eab06b26b40b17db5cac0a34d153a12130e2d2d2bb6dc2cdc8a4764eb1b
  languageName: node
  linkType: hard

"loose-envify@npm:^1.1.0":
  version: 1.4.0
  resolution: "loose-envify@npm:1.4.0"
  dependencies:
    js-tokens: ^3.0.0 || ^4.0.0
  bin:
    loose-envify: cli.js
  checksum: 5c3b47bbe5f597a3889fb001a3a98aaea2a3fafa48089c19034de1e0121bf57dbee609d184478514d74d5c5a7e9cfa3d846343455e5123b060040d46c39e91dc
  languageName: node
  linkType: hard

"nanoid@npm:^3.3.6":
  version: 3.3.11
  resolution: "nanoid@npm:3.3.11"
  bin:
    nanoid: bin/nanoid.cjs
  checksum: 7f2a06f7440cf37a4ca9062bad132235d47450a12037aa493769ca83ff4bf6569f9f09005f2ca4829dd94d62fbaf0b8f496640730282c61ef36b9fc5da7ee334
  languageName: node
  linkType: hard

"next@npm:^14.2.30":
  version: 14.2.32
  resolution: "next@npm:14.2.32"
  dependencies:
    "@next/env": 14.2.32
    "@next/swc-darwin-arm64": 14.2.32
    "@next/swc-darwin-x64": 14.2.32
    "@next/swc-linux-arm64-gnu": 14.2.32
    "@next/swc-linux-arm64-musl": 14.2.32
    "@next/swc-linux-x64-gnu": 14.2.32
    "@next/swc-linux-x64-musl": 14.2.32
    "@next/swc-win32-arm64-msvc": 14.2.32
    "@next/swc-win32-ia32-msvc": 14.2.32
    "@next/swc-win32-x64-msvc": 14.2.32
    "@swc/helpers": 0.5.5
    busboy: 1.6.0
    caniuse-lite: ^1.0.30001579
    graceful-fs: ^4.2.11
    postcss: 8.4.31
    styled-jsx: 5.1.1
  peerDependencies:
    "@opentelemetry/api": ^1.1.0
    "@playwright/test": ^1.41.2
    react: ^18.2.0
    react-dom: ^18.2.0
    sass: ^1.3.0
  dependenciesMeta:
    "@next/swc-darwin-arm64":
      optional: true
    "@next/swc-darwin-x64":
      optional: true
    "@next/swc-linux-arm64-gnu":
      optional: true
    "@next/swc-linux-arm64-musl":
      optional: true
    "@next/swc-linux-x64-gnu":
      optional: true
    "@next/swc-linux-x64-musl":
      optional: true
    "@next/swc-win32-arm64-msvc":
      optional: true
    "@next/swc-win32-ia32-msvc":
      optional: true
    "@next/swc-win32-x64-msvc":
      optional: true
  peerDependenciesMeta:
    "@opentelemetry/api":
      optional: true
    "@playwright/test":
      optional: true
    sass:
      optional: true
  bin:
    next: dist/bin/next
  checksum: 8f68219ad295d3947273cb3afbf2caf9cbe4e29500e6366bd25c736846930fb6fd29278752f13b33a11508363dd9a2822f854b49a1dc2ebf2ae68349bcdb1d17
  languageName: node
  linkType: hard

"nextjs-yarn2-example@workspace:.":
  version: 0.0.0-use.local
  resolution: "nextjs-yarn2-example@workspace:."
  dependencies:
    next: ^14.2.30
    react: ^17.0.2
    react-dom: ^17.0.2
  languageName: unknown
  linkType: soft

"object-assign@npm:^4.1.1":
  version: 4.1.1
  resolution: "object-assign@npm:4.1.1"
  checksum: 66cf021898fc1b13ea573ea8635fbd5a76533f50cecbc2fcd5eee1e8029af41bcebe7023788b6d0e06cbe4401ecea075d972f78ec74467cdc571a0f1a4d1a081
  languageName: node
  linkType: hard

"picocolors@npm:^1.0.0":
  version: 1.0.0
  resolution: "picocolors@npm:1.0.0"
  checksum: 6616d34dd03bde8881c63402dea34f0b5972845b04b791b234446d4a408bc3d7f932acea3970a6b671d8f5c5aae1b1ce9fc1f89b0ed9a363469cf9da8e916b71
  languageName: node
  linkType: hard

"postcss@npm:8.4.31":
  version: 8.4.31
  resolution: "postcss@npm:8.4.31"
  dependencies:
    nanoid: ^3.3.6
    picocolors: ^1.0.0
    source-map-js: ^1.0.2
  checksum: dac8611c6dae958b26897a64328d5d18b3298646a7e57b9609a1256fe177e970e066bfae59a6a94e81831a73a7ddcb1b131680b1a57c2912720c2da255db7d3f
  languageName: node
  linkType: hard

"react-dom@npm:^17.0.2":
  version: 17.0.2
  resolution: "react-dom@npm:17.0.2"
  dependencies:
    loose-envify: ^1.1.0
    object-assign: ^4.1.1
    scheduler: ^0.20.2
  peerDependencies:
    react: 17.0.2
  checksum: 960a74ff6670766846a73097a599115963df1574833c59ca0c2fd909758ebe7a6214cd14f5e6aa63ce846d8f39fde7f3b80474ccfcfadc45dd7f3246364718c6
  languageName: node
  linkType: hard

"react@npm:^17.0.2":
  version: 17.0.2
  resolution: "react@npm:17.0.2"
  dependencies:
    loose-envify: ^1.1.0
    object-assign: ^4.1.1
  checksum: 7d0dfebafe1d297503157abb2e9acdb49852185deb8700c16f4a6faad87642f84903ab18cfc16f40b9a0dfe97540f99834982ee953e6d48b39c41608dc3e4b29
  languageName: node
  linkType: hard

"scheduler@npm:^0.20.2":
  version: 0.20.2
  resolution: "scheduler@npm:0.20.2"
  dependencies:
    loose-envify: ^1.1.0
    object-assign: ^4.1.1
  checksum: 2ba121e53e8a438394598612ec9a8f465b39157042f912d2dd5956af643e0d45ec6937ae4eeb0a807d1945b209515263aed12fc3bca95c7a027ec2a54e76b399
  languageName: node
  linkType: hard

"source-map-js@npm:^1.0.2":
  version: 1.2.1
  resolution: "source-map-js@npm:1.2.1"
  checksum: 728d8bd521c93d7a165fb7dfe20ae1038a4d780579498d21cdd353bcc59f2c27f2d4e390fa1825ee3977beed68868e395df79c14ca8a72a9c6fffdfb46a87eb6
  languageName: node
  linkType: hard

"streamsearch@npm:^1.1.0":
  version: 1.1.0
  resolution: "streamsearch@npm:1.1.0"
  checksum: c340904d03eee9857b635d4a8b2b56ccfce3d623f91139dc21b9b239ee19e19ec3a13b49adf28c0ba3382e16f11d6497a23f31918b5dade69e7f942bfa3e787f
  languageName: node
  linkType: hard

"styled-jsx@npm:5.1.1":
  version: 5.1.1
  resolution: "styled-jsx@npm:5.1.1"
  dependencies:
    client-only: 0.0.1
  peerDependencies:
    react: ">= 16.8.0 || 17.x.x || ^18.0.0-0"
  peerDependenciesMeta:
    "@babel/core":
      optional: true
    babel-plugin-macros:
      optional: true
  checksum: 58d33009b2d8e75213116eb82c399902d0f82b3798b0a7971d7aca123b497ca11f3fc43ea0eedded53aff0deefcbd23c42f00bcf1248490aaf7cec50e9292ed3
  languageName: node
  linkType: hard

"tslib@npm:^2.4.0":
  version: 2.8.1
  resolution: "tslib@npm:2.8.1"
  checksum: ef0701834dd5925397c96dad84d7f091044b3b80ee90dd8dc04ec36c7fb4a603c710858c8dc478e56bacef64347607278d34f185191e22e94a886210a2591be6
  languageName: node
  linkType: hard
