# This file is generated by running "yarn install" inside your project.
# Manual changes might be lost - proceed with caution!

__metadata:
  version: 4
  cacheKey: 7

"@next/env@npm:12.1.0":
  version: 12.1.0
  resolution: "@next/env@npm:12.1.0"
  checksum: 16c09e0a46e49c2bfb994e3c861ba91fdb9ca46bbc4fb8492979590e70468e912056af74b1cced862f75c578dfe53897f895aeb4bcd1520eca05e1b7b18b4f65
  languageName: node
  linkType: hard

"@next/swc-android-arm64@npm:12.1.0":
  version: 12.1.0
  resolution: "@next/swc-android-arm64@npm:12.1.0"
  checksum: 688e3598b8e78130bc4ed6c42fda8105cfec858528d650d1197a6ea02ed8ea11a37ef23c8e3f9ccfcae85ffe05657a4691ed2b20a410725532af3ef7eaaaa80a
  languageName: node
  linkType: hard

"@next/swc-darwin-arm64@npm:12.1.0":
  version: 12.1.0
  resolution: "@next/swc-darwin-arm64@npm:12.1.0"
  checksum: 07efb1007b91384e4719eb4b87bff31bdd4c63e7da724c86a9e1778016fa1f500ef71ad73c761ebf9a2d62a309d33151fe6c4d0ed9bc63b166bd24bc3cf10e26
  languageName: node
  linkType: hard

"@next/swc-darwin-x64@npm:12.1.0":
  version: 12.1.0
  resolution: "@next/swc-darwin-x64@npm:12.1.0"
  checksum: 4fbe3bec0516b1c9dbb6a7b1e6e53b54414c173c2d7328dfd15ef76980dea3ad9730115754a14cd76e4784a1a439117ea636d2b45d9b2dd54b328ec4eb68d55b
  languageName: node
  linkType: hard

"@next/swc-linux-arm-gnueabihf@npm:12.1.0":
  version: 12.1.0
  resolution: "@next/swc-linux-arm-gnueabihf@npm:12.1.0"
  checksum: 3c53befe34b6b13f099dac0501eaaed2ca3c35873cf787487bea138b0f77257063a5c8b279bcbd8d2069ba2eb446e0d356fee83d668bd552919dc3f1d8585a99
  languageName: node
  linkType: hard

"@next/swc-linux-arm64-gnu@npm:12.1.0":
  version: 12.1.0
  resolution: "@next/swc-linux-arm64-gnu@npm:12.1.0"
  checksum: 6ec046531cdc7ef08f13037ff110141a65cc941eb14d68f0cbb788d1edd3c84b3ae87c4cc4cea9da0b77d6a993015301b48b1ad4b70d8c87254a012a460d5845
  languageName: node
  linkType: hard

"@next/swc-linux-arm64-musl@npm:12.1.0":
  version: 12.1.0
  resolution: "@next/swc-linux-arm64-musl@npm:12.1.0"
  checksum: 0bcf3743272f4657b4c2e220d82470bd1dc5102bf8c8613d538933669235b8f7fd6c47e83d28bf55d092beb012f24542234f60d1efddf6dc377163886c45df97
  languageName: node
  linkType: hard

"@next/swc-linux-x64-gnu@npm:12.1.0":
  version: 12.1.0
  resolution: "@next/swc-linux-x64-gnu@npm:12.1.0"
  checksum: 7d7952dc758b70f166e94030eccbec52b9b7e2b0daf823d7da455363ab4ddc73e83c894f3600842c1575fb959272114f100b3da4d6803246c96f6fab99a9fad9
  languageName: node
  linkType: hard

"@next/swc-linux-x64-musl@npm:12.1.0":
  version: 12.1.0
  resolution: "@next/swc-linux-x64-musl@npm:12.1.0"
  checksum: 95bbbcb5d8030966ad02c8efbbb4887471e5d5e3bb5d4c107ef7c7d0ecfed67b287def51cecc37aa3c2cbeee0e2be0ffa293ae05bdf8a0bb77987b6e9c78e2fa
  languageName: node
  linkType: hard

"@next/swc-win32-arm64-msvc@npm:12.1.0":
  version: 12.1.0
  resolution: "@next/swc-win32-arm64-msvc@npm:12.1.0"
  checksum: d180368ca6b99bf4146a8cb23b728d27bcb7894c13db983e04c519f5858e5c2b959f42591ba6e3bb1ccae20eb0ba383ca8d3151c9cc6a3f136512895f8207c74
  languageName: node
  linkType: hard

"@next/swc-win32-ia32-msvc@npm:12.1.0":
  version: 12.1.0
  resolution: "@next/swc-win32-ia32-msvc@npm:12.1.0"
  checksum: 08ae825c2fa53dc0a32672aadf52a62840fd134bc5ac7b10109c591a14712a49b7a86e063301b48c5dc817176c5a6fa7317bec4f1fcb281d132cdac23fb4c5fe
  languageName: node
  linkType: hard

"@next/swc-win32-x64-msvc@npm:12.1.0":
  version: 12.1.0
  resolution: "@next/swc-win32-x64-msvc@npm:12.1.0"
  checksum: 8653ace5277497429e6e903189d750e869d8b961cc3c8bc086c8d03eb99f74ffd05d68c32f08d1b94a4cda3dfdd0c8140cef33c91c99fe918407484f615de2f6
  languageName: node
  linkType: hard

"caniuse-lite@npm:^1.0.30001283":
  version: 1.0.30001317
  resolution: "caniuse-lite@npm:1.0.30001317"
  checksum: 299e4f05bd752cb28f2c74e11b35f6caec4f9132dff01b84b6418ad4e51a7efd11d1af27d7877fb1f8a3fd0b75be5f36c3631ab28f090f8da89d0085e8d24443
  languageName: node
  linkType: hard

"js-tokens@npm:^3.0.0 || ^4.0.0":
  version: 4.0.0
  resolution: "js-tokens@npm:4.0.0"
  checksum: 1fc4e4667ac2d972aba65148b9cbf9c17566b2394d3504238d8492bbd3e68f496c657eab06b26b40b17db5cac0a34d153a12130e2d2d2bb6dc2cdc8a4764eb1b
  languageName: node
  linkType: hard

"loose-envify@npm:^1.1.0":
  version: 1.4.0
  resolution: "loose-envify@npm:1.4.0"
  dependencies:
    js-tokens: ^3.0.0 || ^4.0.0
  bin:
    loose-envify: cli.js
  checksum: 5c3b47bbe5f597a3889fb001a3a98aaea2a3fafa48089c19034de1e0121bf57dbee609d184478514d74d5c5a7e9cfa3d846343455e5123b060040d46c39e91dc
  languageName: node
  linkType: hard

"nanoid@npm:^3.1.30":
  version: 3.3.1
  resolution: "nanoid@npm:3.3.1"
  bin:
    nanoid: bin/nanoid.cjs
  checksum: a357d61e7c404c45526a6de65d186711bfcca134d8ce67db2d160752e1bb0bc35dd41d3d78a7f5d74fb50ad040ecf59512e92b84d114607326399c94d435fdad
  languageName: node
  linkType: hard

"next@npm:^12.1.0":
  version: 12.1.0
  resolution: "next@npm:12.1.0"
  dependencies:
    "@next/env": 12.1.0
    "@next/swc-android-arm64": 12.1.0
    "@next/swc-darwin-arm64": 12.1.0
    "@next/swc-darwin-x64": 12.1.0
    "@next/swc-linux-arm-gnueabihf": 12.1.0
    "@next/swc-linux-arm64-gnu": 12.1.0
    "@next/swc-linux-arm64-musl": 12.1.0
    "@next/swc-linux-x64-gnu": 12.1.0
    "@next/swc-linux-x64-musl": 12.1.0
    "@next/swc-win32-arm64-msvc": 12.1.0
    "@next/swc-win32-ia32-msvc": 12.1.0
    "@next/swc-win32-x64-msvc": 12.1.0
    caniuse-lite: ^1.0.30001283
    postcss: 8.4.5
    styled-jsx: 5.0.0
    use-subscription: 1.5.1
  peerDependencies:
    fibers: ">= 3.1.0"
    node-sass: ^6.0.0 || ^7.0.0
    react: ^17.0.2 || ^18.0.0-0
    react-dom: ^17.0.2 || ^18.0.0-0
    sass: ^1.3.0
  dependenciesMeta:
    "@next/swc-android-arm64":
      optional: true
    "@next/swc-darwin-arm64":
      optional: true
    "@next/swc-darwin-x64":
      optional: true
    "@next/swc-linux-arm-gnueabihf":
      optional: true
    "@next/swc-linux-arm64-gnu":
      optional: true
    "@next/swc-linux-arm64-musl":
      optional: true
    "@next/swc-linux-x64-gnu":
      optional: true
    "@next/swc-linux-x64-musl":
      optional: true
    "@next/swc-win32-arm64-msvc":
      optional: true
    "@next/swc-win32-ia32-msvc":
      optional: true
    "@next/swc-win32-x64-msvc":
      optional: true
  peerDependenciesMeta:
    fibers:
      optional: true
    node-sass:
      optional: true
    sass:
      optional: true
  bin:
    next: dist/bin/next
  checksum: 7d3d0ac569d799136547179ccdf7757db9ed084fc189ef508d1bd59d9b8089eab9545a626bf08a529dc7729053375e51584a64163e06be83c3975584516ad036
  languageName: node
  linkType: hard

"nextjs-yarn2-example@workspace:.":
  version: 0.0.0-use.local
  resolution: "nextjs-yarn2-example@workspace:."
  dependencies:
    next: ^12.1.0
    react: ^17.0.2
    react-dom: ^17.0.2
  languageName: unknown
  linkType: soft

"object-assign@npm:^4.1.1":
  version: 4.1.1
  resolution: "object-assign@npm:4.1.1"
  checksum: 66cf021898fc1b13ea573ea8635fbd5a76533f50cecbc2fcd5eee1e8029af41bcebe7023788b6d0e06cbe4401ecea075d972f78ec74467cdc571a0f1a4d1a081
  languageName: node
  linkType: hard

"picocolors@npm:^1.0.0":
  version: 1.0.0
  resolution: "picocolors@npm:1.0.0"
  checksum: 6616d34dd03bde8881c63402dea34f0b5972845b04b791b234446d4a408bc3d7f932acea3970a6b671d8f5c5aae1b1ce9fc1f89b0ed9a363469cf9da8e916b71
  languageName: node
  linkType: hard

"postcss@npm:8.4.5":
  version: 8.4.5
  resolution: "postcss@npm:8.4.5"
  dependencies:
    nanoid: ^3.1.30
    picocolors: ^1.0.0
    source-map-js: ^1.0.1
  checksum: 9fc52b650c4720e67b27423fdfb2fff5699bb75915f35dbce310111edcf3af58f91a9edf731b447b82bf090a4890e993dec66726728ed0d204873119626aa718
  languageName: node
  linkType: hard

"react-dom@npm:^17.0.2":
  version: 17.0.2
  resolution: "react-dom@npm:17.0.2"
  dependencies:
    loose-envify: ^1.1.0
    object-assign: ^4.1.1
    scheduler: ^0.20.2
  peerDependencies:
    react: 17.0.2
  checksum: 960a74ff6670766846a73097a599115963df1574833c59ca0c2fd909758ebe7a6214cd14f5e6aa63ce846d8f39fde7f3b80474ccfcfadc45dd7f3246364718c6
  languageName: node
  linkType: hard

"react@npm:^17.0.2":
  version: 17.0.2
  resolution: "react@npm:17.0.2"
  dependencies:
    loose-envify: ^1.1.0
    object-assign: ^4.1.1
  checksum: 7d0dfebafe1d297503157abb2e9acdb49852185deb8700c16f4a6faad87642f84903ab18cfc16f40b9a0dfe97540f99834982ee953e6d48b39c41608dc3e4b29
  languageName: node
  linkType: hard

"scheduler@npm:^0.20.2":
  version: 0.20.2
  resolution: "scheduler@npm:0.20.2"
  dependencies:
    loose-envify: ^1.1.0
    object-assign: ^4.1.1
  checksum: 2ba121e53e8a438394598612ec9a8f465b39157042f912d2dd5956af643e0d45ec6937ae4eeb0a807d1945b209515263aed12fc3bca95c7a027ec2a54e76b399
  languageName: node
  linkType: hard

"source-map-js@npm:^1.0.1":
  version: 1.0.2
  resolution: "source-map-js@npm:1.0.2"
  checksum: 3bb232796ad9b71bad151cb30c7fc1a2afdaf5bcfd4aa7806f56a2d4ff4824e1481e960436c5e9ec26e8c1ae129aee8107df0859c15b1ccada31a9a7ef254abc
  languageName: node
  linkType: hard

"styled-jsx@npm:5.0.0":
  version: 5.0.0
  resolution: "styled-jsx@npm:5.0.0"
  peerDependencies:
    react: ">= 16.8.0 || 17.x.x || 18.x.x"
  peerDependenciesMeta:
    "@babel/core":
      optional: true
    babel-plugin-macros:
      optional: true
  checksum: 9ecf76e05c6c365d78abffda893d793b6166636e439e8ff81c9b045bf527878936ceec8b9b89215e8b00b150c1c65404085de7f585b7f6033f6320ee37c74e95
  languageName: node
  linkType: hard

"use-subscription@npm:1.5.1":
  version: 1.5.1
  resolution: "use-subscription@npm:1.5.1"
  dependencies:
    object-assign: ^4.1.1
  peerDependencies:
    react: ^16.8.0 || ^17.0.0
  checksum: 3abcef55244fc12ba02f8a2a35e1d53984f9bc40d205713245b61defc1d84015b310d6d684d0fe3555c6b4a892aecc585e7c90bad4031d543bc77fe31284ee71
  languageName: node
  linkType: hard
