{
  "version": 1,
  "dependencies": {
    ".NETStandard,Version=v2.0": {
      "Microsoft.CodeAnalysis.FxCopAnalyzers": {
        "type": "Direct",
        "requested": "[3.3.1, )",
        "resolved": "3.3.1",
        "contentHash": "O6L7wOD6dmytWZr4ulw6wLYk8QmsO/TlBHyWOB2OQKnUm31JGOXEncJjVm8Fw24BDzP22wfsleWFidiNU/DIsA==",
        "dependencies": {
          "Microsoft.CodeAnalysis.VersionCheckAnalyzer": "[3.3.1]",
          "Microsoft.CodeQuality.Analyzers": "[3.3.1]",
          "Microsoft.NetCore.Analyzers": "[3.3.1]",
          "Microsoft.NetFramework.Analyzers": "[3.3.1]"
        }
      },
      "Microsoft.Extensions.Logging": {
        "type": "Direct",
        "requested": "[3.1.5, )",
        "resolved": "3.1.5",
        "contentHash": "C85NYDym6xy03o70vxX+VQ4ZEjj5Eg5t5QoGW0t100vG5MmPL6+G3XXcQjIIn1WRQrjzGWzQwuKf38fxXEWIWA==",
        "dependencies": {
          "Microsoft.Extensions.Configuration.Binder": "3.1.5",
          "Microsoft.Extensions.DependencyInjection": "3.1.5",
          "Microsoft.Extensions.Logging.Abstractions": "3.1.5",
          "Microsoft.Extensions.Options": "3.1.5"
        }
      },
      "Microsoft.VisualStudio.Threading.Analyzers": {
        "type": "Direct",
        "requested": "[16.4.45, )",
        "resolved": "16.4.45",
        "contentHash": "LewQ3fiBejl+Rhzb7VNTALDm4o8IzYsGcccp5RoRAkcZKsGQnGFuvcLZYVQXUOBOH0YCnCeOBexCBnYkBAFo/g=="
      },
      "NETStandard.Library": {
        "type": "Direct",
        "requested": "[2.0.3, )",
        "resolved": "2.0.3",
        "contentHash": "st47PosZSHrjECdjeIzZQbzivYBJFv6P2nv4cj2ypdI204DO+vZ7l5raGMiX4eXMJ53RfOIg+/s4DHVZ54Nu2A==",
        "dependencies": {
          "Microsoft.NETCore.Platforms": "1.1.0"
        }
      },
      "Newtonsoft.Json": {
        "type": "Direct",
        "requested": "[13.0.1, )",
        "resolved": "13.0.1",
        "contentHash": "ppPFpBcvxdsfUonNcvITKqLl3bqxWbDCZIzDWHzjpdAHRFfZe0Dw9HmA0+za13IdyrgJwpkDTDA9fHaxOrt20A=="
      },
      "SmartAnalyzers.CSharpExtensions.Annotations": {
        "type": "Direct",
        "requested": "[3.3.0, )",
        "resolved": "3.3.0",
        "contentHash": "YNS+AXRMe9yoP3KlPPQUsN5H9RVYwxRxc8OUU/zzjPZGf2Ya0C6Z6TwWaVMffe8l7pg1EJJz3evDt42KZEelkw=="
      },
      "StyleCop.Analyzers": {
        "type": "Direct",
        "requested": "[1.2.0-beta.376, )",
        "resolved": "1.2.0-beta.376",
        "contentHash": "uaaVoOYWfIMoWtZsNJwV0m/GI3XAi8BA71e9iBOFDPo3TtAmcGkZ2qcxItkWb6eKI90urOPmxc35BnuhluC1IA==",
        "dependencies": {
          "StyleCop.Analyzers.Unstable": "1.2.0.376"
        }
      },
      "Tomlyn": {
        "type": "Direct",
        "requested": "[0.1.2, )",
        "resolved": "0.1.2",
        "contentHash": "Bf5DnGQ9OsO5+PPu8/78gLJ4z3zyC0BM60ct/2yOv7uvtHChfOb2ZkIE9xvKjkStJFhHxlwl04EbWtanr0TK8g=="
      },
      "YamlDotNet": {
        "type": "Direct",
        "requested": "[9.1.4, )",
        "resolved": "9.1.4",
        "contentHash": "dVVZVhQxTI4xTNc9YorE+RruBFPPYKP44kMijE6Z5OQQE7zK+SEmh2sPm091CrTYVz1jjIuXKIBm1kFLrlsQJg=="
      },
      "Microsoft.Bcl.AsyncInterfaces": {
        "type": "Transitive",
        "resolved": "1.1.1",
        "contentHash": "yuvf07qFWFqtK3P/MRkEKLhn5r2UbSpVueRziSqj0yJQIKFwG1pq9mOayK3zE5qZCTs0CbrwL9M6R8VwqyGy2w==",
        "dependencies": {
          "System.Threading.Tasks.Extensions": "4.5.4"
        }
      },
      "Microsoft.CodeAnalysis.VersionCheckAnalyzer": {
        "type": "Transitive",
        "resolved": "3.3.1",
        "contentHash": "ZUMf70abtWvwevkLFOlEHDck81oZCsi9jBHODDSSH2YPQdtCKzeQfaWWnAmn2ii7N3Q2V2arOj4Mu8ZTTSs3PA=="
      },
      "Microsoft.CodeQuality.Analyzers": {
        "type": "Transitive",
        "resolved": "3.3.1",
        "contentHash": "h6o+zBUf47OFarRQn6LjwUNFvRUyUWLWcnunw6vLCxSDBmgPDQCsrsWpEtMz/+NKBvOeikVJobscarx3Wgtbiw=="
      },
      "Microsoft.Extensions.Configuration": {
        "type": "Transitive",
        "resolved": "3.1.5",
        "contentHash": "LZfdAP8flK4hkaniUv6TlstDX9FXLmJMX1A4mpLghAsZxTaJIgf+nzBNiPRdy/B5Vrs74gRONX3JrIUJQrebmA==",
        "dependencies": {
          "Microsoft.Extensions.Configuration.Abstractions": "3.1.5"
        }
      },
      "Microsoft.Extensions.Configuration.Abstractions": {
        "type": "Transitive",
        "resolved": "3.1.5",
        "contentHash": "VBcAk6s9izZr04WCzNqOh1Sxz2RbVSh0G79MfpHSDv16cUJtSEYEHody9ZnF71LBEktzdu6cvDFBOFMh43q0iA==",
        "dependencies": {
          "Microsoft.Extensions.Primitives": "3.1.5"
        }
      },
      "Microsoft.Extensions.Configuration.Binder": {
        "type": "Transitive",
        "resolved": "3.1.5",
        "contentHash": "ZR/zjBxkvdnnWhRoBHDT95uz1ZgJFhv1QazmKCIcDqy/RXqi+6dJ/PfxDhEnzPvk9HbkcGfFsPEu1vSIyxDqBQ==",
        "dependencies": {
          "Microsoft.Extensions.Configuration": "3.1.5"
        }
      },
      "Microsoft.Extensions.DependencyInjection": {
        "type": "Transitive",
        "resolved": "3.1.5",
        "contentHash": "I+RTJQi7TtenIHZqL2zr6523PYXfL88Ruu4UIVmspIxdw14GHd8zZ+2dGLSdwX7fn41Hth4d42S1e1iHWVOJyQ==",
        "dependencies": {
          "Microsoft.Bcl.AsyncInterfaces": "1.1.1",
          "Microsoft.Extensions.DependencyInjection.Abstractions": "3.1.5"
        }
      },
      "Microsoft.Extensions.DependencyInjection.Abstractions": {
        "type": "Transitive",
        "resolved": "3.1.5",
        "contentHash": "2VSCj2TZPMdeEi279Lawi6qJQu4+sEWizSOYrhY6hapyS1jxn1jVUZT1Ugv68bya+x8+3lD4+RqhUZql9PhISQ=="
      },
      "Microsoft.Extensions.Logging.Abstractions": {
        "type": "Transitive",
        "resolved": "3.1.5",
        "contentHash": "ZvwowjRSWXewdPI+whPFXgwF4Qme6Q9KV9SCPEITSGiqHLArct7q5hTBtTzj3GPsVLjTqehvTg6Bd/EQk9JS0A=="
      },
      "Microsoft.Extensions.Options": {
        "type": "Transitive",
        "resolved": "3.1.5",
        "contentHash": "f+JT/7lkKBMp/Ak2tVjO+TD7o+UoCfjnExkZNn0PZIso8kIXrqNy6x42Lrxf4Q0pW3JMf9ExmL2EQlvk2XnFAg==",
        "dependencies": {
          "Microsoft.Extensions.DependencyInjection.Abstractions": "3.1.5",
          "Microsoft.Extensions.Primitives": "3.1.5",
          "System.ComponentModel.Annotations": "4.7.0"
        }
      },
      "Microsoft.Extensions.Primitives": {
        "type": "Transitive",
        "resolved": "3.1.5",
        "contentHash": "6bLdjSAQix82oP2tsuX9MM2yjgUFFOkSZYyRSKoUULilw2cg0Y0H+dnugwYlfj8Jd7yjd/+QSdNBqEyYhTYv0w==",
        "dependencies": {
          "System.Memory": "4.5.2",
          "System.Runtime.CompilerServices.Unsafe": "4.7.1"
        }
      },
      "Microsoft.NetCore.Analyzers": {
        "type": "Transitive",
        "resolved": "3.3.1",
        "contentHash": "8Ez3EImhFioAsB4bR2bBLA3Pkcz8K/VI6jPdnm98nLu+rodZU8s8QRjRnkrQEnC6VcVAVZJ8W7DL9yrfDsgjqQ=="
      },
      "Microsoft.NETCore.Platforms": {
        "type": "Transitive",
        "resolved": "1.1.0",
        "contentHash": "kz0PEW2lhqygehI/d6XsPCQzD7ff7gUJaVGPVETX611eadGsA3A877GdSlU0LRVMCTH/+P3o2iDTak+S08V2+A=="
      },
      "Microsoft.NetFramework.Analyzers": {
        "type": "Transitive",
        "resolved": "3.3.1",
        "contentHash": "EI5Afqt03Kq4Wy5Ot6nGvnwunisM9ORi5L9fteCCOK1Wh283wAhM1dIOWOsBN3jlFbw1VTeVPR8oPz9J9xlHLw=="
      },
      "StyleCop.Analyzers.Unstable": {
        "type": "Transitive",
        "resolved": "1.2.0.376",
        "contentHash": "a009jDRd7zP6h+jenZ7nGjqkkFkEuxmT9FeM334cLDwodfU2x/nNcsFqw2Pjd4wVPiyX+qjLq+vhhbE3OPzFMw=="
      },
      "System.Buffers": {
        "type": "Transitive",
        "resolved": "4.4.0",
        "contentHash": "AwarXzzoDwX6BgrhjoJsk6tUezZEozOT5Y9QKF94Gl4JK91I4PIIBkBco9068Y9/Dra8Dkbie99kXB8+1BaYKw=="
      },
      "System.ComponentModel.Annotations": {
        "type": "Transitive",
        "resolved": "4.7.0",
        "contentHash": "0YFqjhp/mYkDGpU0Ye1GjE53HMp9UVfGN7seGpAMttAC0C40v5gw598jCgpbBLMmCo0E5YRLBv5Z2doypO49ZQ=="
      },
      "System.Memory": {
        "type": "Transitive",
        "resolved": "4.5.2",
        "contentHash": "fvq1GNmUFwbKv+aLVYYdgu/+gc8Nu9oFujOxIjPrsf+meis9JBzTPDL6aP/eeGOz9yPj6rRLUbOjKMpsMEWpNg==",
        "dependencies": {
          "System.Buffers": "4.4.0",
          "System.Numerics.Vectors": "4.4.0",
          "System.Runtime.CompilerServices.Unsafe": "4.5.2"
        }
      },
      "System.Numerics.Vectors": {
        "type": "Transitive",
        "resolved": "4.4.0",
        "contentHash": "UiLzLW+Lw6HLed1Hcg+8jSRttrbuXv7DANVj0DkL9g6EnnzbL75EB7EWsw5uRbhxd/4YdG8li5XizGWepmG3PQ=="
      },
      "System.Runtime.CompilerServices.Unsafe": {
        "type": "Transitive",
        "resolved": "4.7.1",
        "contentHash": "zOHkQmzPCn5zm/BH+cxC1XbUS3P4Yoi3xzW7eRgVpDR2tPGSzyMZ17Ig1iRkfJuY0nhxkQQde8pgePNiA7z7TQ=="
      },
      "System.Threading.Tasks.Extensions": {
        "type": "Transitive",
        "resolved": "4.5.4",
        "contentHash": "zteT+G8xuGu6mS+mzDzYXbzS7rd3K6Fjb9RiZlYlJPam2/hU7JCBZBVEcywNuR+oZ1ncTvc/cq0faRr3P01OVg==",
        "dependencies": {
          "System.Runtime.CompilerServices.Unsafe": "4.5.3"
        }
      }
    }
  }
}