
Microsoft Visual Studio Solution File, Format Version 12.00
# Visual Studio Version 16
VisualStudioVersion = 16.0.30104.148
MinimumVisualStudioVersion = 10.0.40219.1
Project("{9A19103F-16F7-4668-BE54-9A1E7A4F7556}") = "BlazorApp1", "BlazorApp1.csproj", "{7C90E7FA-9BC8-48DF-82CA-99299162B934}"
EndProject
Project("{FAE04EC0-301F-11D3-BF4B-00C04F79EFBC}") = "FunctionApp1_Blazor", "..\FunctionApp1_Blazor\FunctionApp1_Blazor.csproj", "{080155C3-282C-4955-85E7-789930DF1908}"
EndProject
Global
	GlobalSection(SolutionConfigurationPlatforms) = preSolution
		Debug|Any CPU = Debug|Any CPU
		Release|Any CPU = Release|Any CPU
	EndGlobalSection
	GlobalSection(ProjectConfigurationPlatforms) = postSolution
		{7C90E7FA-9BC8-48DF-82CA-99299162B934}.Debug|Any CPU.ActiveCfg = Debug|Any CPU
		{7C90E7FA-9BC8-48DF-82CA-99299162B934}.Debug|Any CPU.Build.0 = Debug|Any CPU
		{7C90E7FA-9BC8-48DF-82CA-99299162B934}.Release|Any CPU.ActiveCfg = Release|Any CPU
		{7C90E7FA-9BC8-48DF-82CA-99299162B934}.Release|Any CPU.Build.0 = Release|Any CPU
		{080155C3-282C-4955-85E7-789930DF1908}.Debug|Any CPU.ActiveCfg = Debug|Any CPU
		{080155C3-282C-4955-85E7-789930DF1908}.Debug|Any CPU.Build.0 = Debug|Any CPU
		{080155C3-282C-4955-85E7-789930DF1908}.Release|Any CPU.ActiveCfg = Release|Any CPU
		{080155C3-282C-4955-85E7-789930DF1908}.Release|Any CPU.Build.0 = Release|Any CPU
	EndGlobalSection
	GlobalSection(SolutionProperties) = preSolution
		HideSolutionNode = FALSE
	EndGlobalSection
	GlobalSection(ExtensibilityGlobals) = postSolution
		SolutionGuid = {F4B5BF13-508F-451D-829E-0BDFC66ED799}
	EndGlobalSection
EndGlobal
