
Microsoft Visual Studio Solution File, Format Version 12.00
# Visual Studio Version 16
VisualStudioVersion = 16.0.30204.135
MinimumVisualStudioVersion = 10.0.40219.1
Project("{9A19103F-16F7-4668-BE54-9A1E7A4F7556}") = "Detector.NuGetPackage.Tests", "Detector.NuGetPackage.Tests.csproj", "{A709EE52-C76C-4024-8CF2-12C3390A0F2B}"
EndProject
Global
	GlobalSection(SolutionConfigurationPlatforms) = preSolution
		Debug|Any CPU = Debug|Any CPU
		Release|Any CPU = Release|Any CPU
	EndGlobalSection
	GlobalSection(ProjectConfigurationPlatforms) = postSolution
		{A709EE52-C76C-4024-8CF2-12C3390A0F2B}.Debug|Any CPU.ActiveCfg = Debug|Any CPU
		{A709EE52-C76C-4024-8CF2-12C3390A0F2B}.Debug|Any CPU.Build.0 = Debug|Any CPU
		{A709EE52-C76C-4024-8CF2-12C3390A0F2B}.Release|Any CPU.ActiveCfg = Release|Any CPU
		{A709EE52-C76C-4024-8CF2-12C3390A0F2B}.Release|Any CPU.Build.0 = Release|Any CPU
	EndGlobalSection
	GlobalSection(SolutionProperties) = preSolution
		HideSolutionNode = FALSE
	EndGlobalSection
	GlobalSection(ExtensibilityGlobals) = postSolution
		SolutionGuid = {F167E136-22A8-43B9-B4BE-20DD73A28F58}
	EndGlobalSection
EndGlobal
