
Microsoft Visual Studio Solution File, Format Version 12.00
# Visual Studio Version 16
VisualStudioVersion = 16.0.30104.148
MinimumVisualStudioVersion = 15.0.26124.0
Project("{2150E333-8FDC-42A3-9474-1A3956D46DE8}") = "src", "src", "{053E71DE-4A2B-4F3C-80D1-463BED307E67}"
EndProject
Project("{2150E333-8FDC-42A3-9474-1A3956D46DE8}") = "tests", "tests", "{62545858-848B-470F-B360-2D2AEEEEE89E}"
EndProject
Project("{9A19103F-16F7-4668-BE54-9A1E7A4F7556}") = "Detector", "src\Detector\Detector.csproj", "{C2C0E3A9-D965-47AC-9074-7001D0D2F3BF}"
EndProject
Project("{9A19103F-16F7-4668-BE54-9A1E7A4F7556}") = "Detector.Tests", "tests\Detector.Tests\Detector.Tests.csproj", "{E3EF4BD1-BF7D-4587-AB4D-543BAA5C5F47}"
EndProject
Project("{2150E333-8FDC-42A3-9474-1A3956D46DE8}") = "CommonFiles", "CommonFiles", "{F5022807-80E0-433E-830E-48C86EBC343D}"
	ProjectSection(SolutionItems) = preProject
		src\CommonFiles\AssemblyVersion.proj = src\CommonFiles\AssemblyVersion.proj
		src\CommonFiles\General.targets = src\CommonFiles\General.targets
		src\CommonFiles\StyleCop.ruleset = src\CommonFiles\StyleCop.ruleset
	EndProjectSection
EndProject
Global
	GlobalSection(SolutionConfigurationPlatforms) = preSolution
		Debug|Any CPU = Debug|Any CPU
		Debug|x64 = Debug|x64
		Debug|x86 = Debug|x86
		Release|Any CPU = Release|Any CPU
		Release|x64 = Release|x64
		Release|x86 = Release|x86
	EndGlobalSection
	GlobalSection(ProjectConfigurationPlatforms) = postSolution
		{C2C0E3A9-D965-47AC-9074-7001D0D2F3BF}.Debug|Any CPU.ActiveCfg = Debug|Any CPU
		{C2C0E3A9-D965-47AC-9074-7001D0D2F3BF}.Debug|Any CPU.Build.0 = Debug|Any CPU
		{C2C0E3A9-D965-47AC-9074-7001D0D2F3BF}.Debug|x64.ActiveCfg = Debug|Any CPU
		{C2C0E3A9-D965-47AC-9074-7001D0D2F3BF}.Debug|x64.Build.0 = Debug|Any CPU
		{C2C0E3A9-D965-47AC-9074-7001D0D2F3BF}.Debug|x86.ActiveCfg = Debug|Any CPU
		{C2C0E3A9-D965-47AC-9074-7001D0D2F3BF}.Debug|x86.Build.0 = Debug|Any CPU
		{C2C0E3A9-D965-47AC-9074-7001D0D2F3BF}.Release|Any CPU.ActiveCfg = Release|Any CPU
		{C2C0E3A9-D965-47AC-9074-7001D0D2F3BF}.Release|Any CPU.Build.0 = Release|Any CPU
		{C2C0E3A9-D965-47AC-9074-7001D0D2F3BF}.Release|x64.ActiveCfg = Release|Any CPU
		{C2C0E3A9-D965-47AC-9074-7001D0D2F3BF}.Release|x64.Build.0 = Release|Any CPU
		{C2C0E3A9-D965-47AC-9074-7001D0D2F3BF}.Release|x86.ActiveCfg = Release|Any CPU
		{C2C0E3A9-D965-47AC-9074-7001D0D2F3BF}.Release|x86.Build.0 = Release|Any CPU
		{E3EF4BD1-BF7D-4587-AB4D-543BAA5C5F47}.Debug|Any CPU.ActiveCfg = Debug|Any CPU
		{E3EF4BD1-BF7D-4587-AB4D-543BAA5C5F47}.Debug|Any CPU.Build.0 = Debug|Any CPU
		{E3EF4BD1-BF7D-4587-AB4D-543BAA5C5F47}.Debug|x64.ActiveCfg = Debug|Any CPU
		{E3EF4BD1-BF7D-4587-AB4D-543BAA5C5F47}.Debug|x64.Build.0 = Debug|Any CPU
		{E3EF4BD1-BF7D-4587-AB4D-543BAA5C5F47}.Debug|x86.ActiveCfg = Debug|Any CPU
		{E3EF4BD1-BF7D-4587-AB4D-543BAA5C5F47}.Debug|x86.Build.0 = Debug|Any CPU
		{E3EF4BD1-BF7D-4587-AB4D-543BAA5C5F47}.Release|Any CPU.ActiveCfg = Release|Any CPU
		{E3EF4BD1-BF7D-4587-AB4D-543BAA5C5F47}.Release|Any CPU.Build.0 = Release|Any CPU
		{E3EF4BD1-BF7D-4587-AB4D-543BAA5C5F47}.Release|x64.ActiveCfg = Release|Any CPU
		{E3EF4BD1-BF7D-4587-AB4D-543BAA5C5F47}.Release|x64.Build.0 = Release|Any CPU
		{E3EF4BD1-BF7D-4587-AB4D-543BAA5C5F47}.Release|x86.ActiveCfg = Release|Any CPU
		{E3EF4BD1-BF7D-4587-AB4D-543BAA5C5F47}.Release|x86.Build.0 = Release|Any CPU
	EndGlobalSection
	GlobalSection(SolutionProperties) = preSolution
		HideSolutionNode = FALSE
	EndGlobalSection
	GlobalSection(NestedProjects) = preSolution
		{C2C0E3A9-D965-47AC-9074-7001D0D2F3BF} = {053E71DE-4A2B-4F3C-80D1-463BED307E67}
		{E3EF4BD1-BF7D-4587-AB4D-543BAA5C5F47} = {62545858-848B-470F-B360-2D2AEEEEE89E}
		{F5022807-80E0-433E-830E-48C86EBC343D} = {053E71DE-4A2B-4F3C-80D1-463BED307E67}
	EndGlobalSection
	GlobalSection(ExtensibilityGlobals) = postSolution
		SolutionGuid = {F442C500-179F-4CA9-93BB-5EC94596CD45}
	EndGlobalSection
EndGlobal
