
Microsoft Visual Studio Solution File, Format Version 12.00
# Visual Studio 15
VisualStudioVersion = 15.0.27703.2042
MinimumVisualStudioVersion = 10.0.40219.1
Project("{9A19103F-16F7-4668-BE54-9A1E7A4F7556}") = "Oryx.Tests", "tests\Oryx.Tests\Oryx.Tests.csproj", "{5A7EAD12-3F49-498E-9878-F9EB5439795B}"
EndProject
Project("{2150E333-8FDC-42A3-9474-1A3956D46DE8}") = "tests", "tests", "{7515BF2B-C485-43A0-AB2F-DC761B6AB151}"
EndProject
Project("{2150E333-8FDC-42A3-9474-1A3956D46DE8}") = "images", "images", "{4697D28B-277F-409C-870E-F1EDA3E30FD4}"
EndProject
Project("{2150E333-8FDC-42A3-9474-1A3956D46DE8}") = "build", "build", "{33D6DAAC-19A1-43DC-A586-A5F18EE98718}"
	ProjectSection(SolutionItems) = preProject
		images\build\benv.sh = images\build\benv.sh
		images\build\Dockerfile = images\build\Dockerfile
		images\build\python-build.sh = images\build\python-build.sh
	EndProjectSection
EndProject
Global
	GlobalSection(SolutionConfigurationPlatforms) = preSolution
		Debug|Any CPU = Debug|Any CPU
		Release|Any CPU = Release|Any CPU
	EndGlobalSection
	GlobalSection(ProjectConfigurationPlatforms) = postSolution
		{5A7EAD12-3F49-498E-9878-F9EB5439795B}.Debug|Any CPU.ActiveCfg = Debug|Any CPU
		{5A7EAD12-3F49-498E-9878-F9EB5439795B}.Debug|Any CPU.Build.0 = Debug|Any CPU
		{5A7EAD12-3F49-498E-9878-F9EB5439795B}.Release|Any CPU.ActiveCfg = Release|Any CPU
		{5A7EAD12-3F49-498E-9878-F9EB5439795B}.Release|Any CPU.Build.0 = Release|Any CPU
	EndGlobalSection
	GlobalSection(SolutionProperties) = preSolution
		HideSolutionNode = FALSE
	EndGlobalSection
	GlobalSection(NestedProjects) = preSolution
		{5A7EAD12-3F49-498E-9878-F9EB5439795B} = {7515BF2B-C485-43A0-AB2F-DC761B6AB151}
		{33D6DAAC-19A1-43DC-A586-A5F18EE98718} = {4697D28B-277F-409C-870E-F1EDA3E30FD4}
	EndGlobalSection
	GlobalSection(ExtensibilityGlobals) = postSolution
		SolutionGuid = {3577CC82-8B1B-4B06-829A-3E1CCE78A2C3}
	EndGlobalSection
EndGlobal
