Microsoft Visual Studio Solution File, Format Version 12.00
# Visual Studio Version 16
VisualStudioVersion = 16.0.0.0
MinimumVisualStudioVersion = 16.0.0.0
Project("{9A19103F-16F7-4668-BE54-9A1E7A4F7556}") = "NetCore50BlazorSample.Server", "Server\NetCore50BlazorSample.Server.csproj", "{A7FFABCE-64D8-4DA9-8E16-93AFF48A7FC4}"
EndProject
Project("{9A19103F-16F7-4668-BE54-9A1E7A4F7556}") = "NetCore50BlazorSample.Client", "Client\NetCore50BlazorSample.Client.csproj", "{632ADE83-86B9-44AC-8C4A-1BE2FC9031EF}"
EndProject
Project("{9A19103F-16F7-4668-BE54-9A1E7A4F7556}") = "NetCore50BlazorSample.Shared", "Shared\NetCore50BlazorSample.Shared.csproj", "{3D2ED405-9F49-47E6-B010-E37930015C44}"
EndProject
Global
	GlobalSection(SolutionConfigurationPlatforms) = preSolution
		Debug|Any CPU = Debug|Any CPU
		Debug|x64 = Debug|x64
		Debug|x86 = Debug|x86
		Release|Any CPU = Release|Any CPU
		Release|x64 = Release|x64
		Release|x86 = Release|x86
	EndGlobalSection
	GlobalSection(ProjectConfigurationPlatforms) = postSolution
		{632ADE83-86B9-44AC-8C4A-1BE2FC9031EF}.Debug|Any CPU.ActiveCfg = Debug|Any CPU
		{632ADE83-86B9-44AC-8C4A-1BE2FC9031EF}.Debug|Any CPU.Build.0 = Debug|Any CPU
		{632ADE83-86B9-44AC-8C4A-1BE2FC9031EF}.Debug|x64.ActiveCfg = Debug|Any CPU
		{632ADE83-86B9-44AC-8C4A-1BE2FC9031EF}.Debug|x64.Build.0 = Debug|Any CPU
		{632ADE83-86B9-44AC-8C4A-1BE2FC9031EF}.Debug|x86.ActiveCfg = Debug|Any CPU
		{632ADE83-86B9-44AC-8C4A-1BE2FC9031EF}.Debug|x86.Build.0 = Debug|Any CPU
		{632ADE83-86B9-44AC-8C4A-1BE2FC9031EF}.Release|Any CPU.ActiveCfg = Release|Any CPU
		{632ADE83-86B9-44AC-8C4A-1BE2FC9031EF}.Release|Any CPU.Build.0 = Release|Any CPU
		{632ADE83-86B9-44AC-8C4A-1BE2FC9031EF}.Release|x64.ActiveCfg = Release|Any CPU
		{632ADE83-86B9-44AC-8C4A-1BE2FC9031EF}.Release|x64.Build.0 = Release|Any CPU
		{632ADE83-86B9-44AC-8C4A-1BE2FC9031EF}.Release|x86.ActiveCfg = Release|Any CPU
		{632ADE83-86B9-44AC-8C4A-1BE2FC9031EF}.Release|x86.Build.0 = Release|Any CPU
		{A7FFABCE-64D8-4DA9-8E16-93AFF48A7FC4}.Debug|Any CPU.ActiveCfg = Debug|Any CPU
		{A7FFABCE-64D8-4DA9-8E16-93AFF48A7FC4}.Debug|Any CPU.Build.0 = Debug|Any CPU
		{A7FFABCE-64D8-4DA9-8E16-93AFF48A7FC4}.Debug|x64.ActiveCfg = Debug|Any CPU
		{A7FFABCE-64D8-4DA9-8E16-93AFF48A7FC4}.Debug|x64.Build.0 = Debug|Any CPU
		{A7FFABCE-64D8-4DA9-8E16-93AFF48A7FC4}.Debug|x86.ActiveCfg = Debug|Any CPU
		{A7FFABCE-64D8-4DA9-8E16-93AFF48A7FC4}.Debug|x86.Build.0 = Debug|Any CPU
		{A7FFABCE-64D8-4DA9-8E16-93AFF48A7FC4}.Release|Any CPU.ActiveCfg = Release|Any CPU
		{A7FFABCE-64D8-4DA9-8E16-93AFF48A7FC4}.Release|Any CPU.Build.0 = Release|Any CPU
		{A7FFABCE-64D8-4DA9-8E16-93AFF48A7FC4}.Release|x64.ActiveCfg = Release|Any CPU
		{A7FFABCE-64D8-4DA9-8E16-93AFF48A7FC4}.Release|x64.Build.0 = Release|Any CPU
		{A7FFABCE-64D8-4DA9-8E16-93AFF48A7FC4}.Release|x86.ActiveCfg = Release|Any CPU
		{A7FFABCE-64D8-4DA9-8E16-93AFF48A7FC4}.Release|x86.Build.0 = Release|Any CPU
		{3D2ED405-9F49-47E6-B010-E37930015C44}.Debug|Any CPU.ActiveCfg = Debug|Any CPU
		{3D2ED405-9F49-47E6-B010-E37930015C44}.Debug|Any CPU.Build.0 = Debug|Any CPU
		{3D2ED405-9F49-47E6-B010-E37930015C44}.Debug|x64.ActiveCfg = Debug|Any CPU
		{3D2ED405-9F49-47E6-B010-E37930015C44}.Debug|x64.Build.0 = Debug|Any CPU
		{3D2ED405-9F49-47E6-B010-E37930015C44}.Debug|x86.ActiveCfg = Debug|Any CPU
		{3D2ED405-9F49-47E6-B010-E37930015C44}.Debug|x86.Build.0 = Debug|Any CPU
		{3D2ED405-9F49-47E6-B010-E37930015C44}.Release|Any CPU.ActiveCfg = Release|Any CPU
		{3D2ED405-9F49-47E6-B010-E37930015C44}.Release|Any CPU.Build.0 = Release|Any CPU
		{3D2ED405-9F49-47E6-B010-E37930015C44}.Release|x64.ActiveCfg = Release|Any CPU
		{3D2ED405-9F49-47E6-B010-E37930015C44}.Release|x64.Build.0 = Release|Any CPU
		{3D2ED405-9F49-47E6-B010-E37930015C44}.Release|x86.ActiveCfg = Release|Any CPU
		{3D2ED405-9F49-47E6-B010-E37930015C44}.Release|x86.Build.0 = Release|Any CPU
	EndGlobalSection
	GlobalSection(SolutionProperties) = preSolution
		HideSolutionNode = FALSE
	EndGlobalSection
	GlobalSection(ExtensibilityGlobals) = postSolution
		SolutionGuid = {D6A568ED-F963-48EB-A9F1-50CA5715F657}
	EndGlobalSection
EndGlobal