# This file is autogenerated, do not edit; changes may be undone by the next 'dep ensure'.


[[projects]]
  digest = "1:acd3946bd57e665227c8ebbe07fbd378422780999e332e9c3748a6c9144d020f"
  name = "github.com/Masterminds/semver"
  packages = ["."]
  pruneopts = "UT"
  revision = "7bb0c843b53d6ad21a3f619cb22c4b442bb3ef3e"
  version = "v3.1.1"

[solve-meta]
  analyzer-name = "dep"
  analyzer-version = 1
  input-imports = ["github.com/Masterminds/semver"]
  solver-name = "gps-cdcl"
  solver-version = 1
