
Microsoft Visual Studio Solution File, Format Version 12.00
# Visual Studio 15
VisualStudioVersion = 15.0.28307.168
MinimumVisualStudioVersion = 10.0.40219.1
Project("{9A19103F-16F7-4668-BE54-9A1E7A4F7556}") = "NetCoreApp11MultiProjectApp", "src\NetCoreApp11MultiProjectApp\NetCoreApp11MultiProjectApp.csproj", "{B5726858-AD24-4551-A883-0E55ACEEF1C6}"
EndProject
Project("{FAE04EC0-301F-11D3-BF4B-00C04F79EFBC}") = "Greeter", "src\Greeter\Greeter.csproj", "{D9C339BC-C4B2-4BDC-80A0-4E02129DD4B6}"
EndProject
Global
	GlobalSection(SolutionConfigurationPlatforms) = preSolution
		Debug|Any CPU = Debug|Any CPU
		Release|Any CPU = Release|Any CPU
	EndGlobalSection
	GlobalSection(ProjectConfigurationPlatforms) = postSolution
		{B5726858-AD24-4551-A883-0E55ACEEF1C6}.Debug|Any CPU.ActiveCfg = Debug|Any CPU
		{B5726858-AD24-4551-A883-0E55ACEEF1C6}.Debug|Any CPU.Build.0 = Debug|Any CPU
		{B5726858-AD24-4551-A883-0E55ACEEF1C6}.Release|Any CPU.ActiveCfg = Release|Any CPU
		{B5726858-AD24-4551-A883-0E55ACEEF1C6}.Release|Any CPU.Build.0 = Release|Any CPU
		{D9C339BC-C4B2-4BDC-80A0-4E02129DD4B6}.Debug|Any CPU.ActiveCfg = Debug|Any CPU
		{D9C339BC-C4B2-4BDC-80A0-4E02129DD4B6}.Debug|Any CPU.Build.0 = Debug|Any CPU
		{D9C339BC-C4B2-4BDC-80A0-4E02129DD4B6}.Release|Any CPU.ActiveCfg = Release|Any CPU
		{D9C339BC-C4B2-4BDC-80A0-4E02129DD4B6}.Release|Any CPU.Build.0 = Release|Any CPU
	EndGlobalSection
	GlobalSection(SolutionProperties) = preSolution
		HideSolutionNode = FALSE
	EndGlobalSection
	GlobalSection(ExtensibilityGlobals) = postSolution
		SolutionGuid = {A982E19C-922F-429F-A70C-EE5BA3F3752E}
	EndGlobalSection
EndGlobal
