
Microsoft Visual Studio Solution File, Format Version 12.00
# Visual Studio Version 16
VisualStudioVersion = 16.0.29521.150
MinimumVisualStudioVersion = 10.0.40219.1
Project("{9A19103F-16F7-4668-BE54-9A1E7A4F7556}") = "blazor-sample-app", "blazor-sample-app\blazor-sample-app.csproj", "{914F378B-78AF-4905-A7CC-54849C9E6C3A}"
EndProject
Project("{2150E333-8FDC-42A3-9474-1A3956D46DE8}") = "Solution Items", "Solution Items", "{71883628-AE55-46FB-A0C2-BB54CF5CD261}"
	ProjectSection(SolutionItems) = preProject
		.github\workflows\azure-app-svc-linux-container.yml = .github\workflows\azure-app-svc-linux-container.yml
		.github\workflows\azure-app-svc-linux-deploy.yml = .github\workflows\azure-app-svc-linux-deploy.yml
		.github\workflows\azure-app-svc-windows-deploy.yml = .github\workflows\azure-app-svc-windows-deploy.yml
		.github\workflows\azure-storage-deploy.yml = .github\workflows\azure-storage-deploy.yml
		.github\workflows\functions-deploy.yml = .github\workflows\functions-deploy.yml
	EndProjectSection
EndProject
Project("{9A19103F-16F7-4668-BE54-9A1E7A4F7556}") = "MessageFunction", "MessageFunction\MessageFunction.csproj", "{12D3BD0F-8B40-4F3F-82BB-0350BB9EDB04}"
EndProject
Global
	GlobalSection(SolutionConfigurationPlatforms) = preSolution
		Debug|Any CPU = Debug|Any CPU
		Release|Any CPU = Release|Any CPU
	EndGlobalSection
	GlobalSection(ProjectConfigurationPlatforms) = postSolution
		{914F378B-78AF-4905-A7CC-54849C9E6C3A}.Debug|Any CPU.ActiveCfg = Debug|Any CPU
		{914F378B-78AF-4905-A7CC-54849C9E6C3A}.Debug|Any CPU.Build.0 = Debug|Any CPU
		{914F378B-78AF-4905-A7CC-54849C9E6C3A}.Release|Any CPU.ActiveCfg = Release|Any CPU
		{914F378B-78AF-4905-A7CC-54849C9E6C3A}.Release|Any CPU.Build.0 = Release|Any CPU
		{12D3BD0F-8B40-4F3F-82BB-0350BB9EDB04}.Debug|Any CPU.ActiveCfg = Debug|Any CPU
		{12D3BD0F-8B40-4F3F-82BB-0350BB9EDB04}.Debug|Any CPU.Build.0 = Debug|Any CPU
		{12D3BD0F-8B40-4F3F-82BB-0350BB9EDB04}.Release|Any CPU.ActiveCfg = Release|Any CPU
		{12D3BD0F-8B40-4F3F-82BB-0350BB9EDB04}.Release|Any CPU.Build.0 = Release|Any CPU
	EndGlobalSection
	GlobalSection(SolutionProperties) = preSolution
		HideSolutionNode = FALSE
	EndGlobalSection
	GlobalSection(ExtensibilityGlobals) = postSolution
		SolutionGuid = {B0AD6110-34E5-47A6-8EDA-01811288275B}
	EndGlobalSection
EndGlobal
