# This file is autogenerated, do not edit; changes may be undone by the next 'dep ensure'.


[[projects]]
  branch = "master"
  digest = "1:57d862d83c6c53d8d645827878df9667ac3d1ac7f22717190a698110dfb7aabe"
  name = "code.cloudfoundry.org/clock"
  packages = ["."]
  pruneopts = "UT"
  revision = "02e53af36e6c978af692887ed449b74026d76fec"

[[projects]]
  digest = "1:13429a98d218e1e20f2f1f03a2d089a7bbf09ab389092024c31d838cc85e1e81"
  name = "github.com/Microsoft/ApplicationInsights-Go"
  packages = [
    "appinsights",
    "appinsights/contracts",
  ]
  pruneopts = "UT"
  revision = "91c278ebf40dacf87986074aed81db50551e0009"

[[projects]]
  digest = "1:274f67cb6fed9588ea2521ecdac05a6d62a8c51c074c1fccc6a49a40ba80e925"
  name = "github.com/satori/go.uuid"
  packages = ["."]
  pruneopts = "UT"
  revision = "f58768cc1a7a7e77a3bd49e98cdd21419399b6a3"
  version = "v1.2.0"

[solve-meta]
  analyzer-name = "dep"
  analyzer-version = 1
  input-imports = [
    "github.com/Microsoft/ApplicationInsights-Go/appinsights",
    "github.com/Microsoft/ApplicationInsights-Go/appinsights/contracts",
  ]
  solver-name = "gps-cdcl"
  solver-version = 1
