# This file is autogenerated, do not edit; changes may be undone by the next 'dep ensure'.


[[projects]]
  branch = "master"
  digest = "1:57d862d83c6c53d8d645827878df9667ac3d1ac7f22717190a698110dfb7aabe"
  name = "code.cloudfoundry.org/clock"
  packages = ["."]
  pruneopts = "UT"
  revision = "02e53af36e6c978af692887ed449b74026d76fec"

[[projects]]
  digest = "1:9f3b30d9f8e0d7040f729b82dcbc8f0dead820a133b3147ce355fc451f32d761"
  name = "github.com/BurntSushi/toml"
  packages = ["."]
  pruneopts = "UT"
  revision = "3012a1dbe2e4bd1391d42b32f0577cb7bbc7f005"
  version = "v0.3.1"

[[projects]]
  digest = "1:ffe9824d294da03b391f44e1ae8281281b4afc1bdaa9588c9097785e3af10cec"
  name = "github.com/davecgh/go-spew"
  packages = ["spew"]
  pruneopts = "UT"
  revision = "8991bc29aa16c548c550c7ff78260e27b9ab7c73"
  version = "v1.1.1"

[[projects]]
  digest = "1:cb12ab9443677acf9b15dbcb144dbb87a50883571f9d012b7d7a40c16e875e80"
  name = "github.com/fsnotify/fsnotify"
  packages = ["."]
  pruneopts = "UT"
  revision = "836bfd95fecc0f1511dd66bdbf2b5b61ab8b00b6"
  version = "v1.2.11"

[[projects]]
  digest = "1:582b704bebaa06b48c29b0cec224a6058a09c86883aaddabde889cd1a5f73e1b"
  name = "github.com/google/uuid"
  packages = ["."]
  pruneopts = "UT"
  revision = "0cd6bf5da1e1c83f8b45653022c74f71af0538a4"
  version = "v1.1.1"

[[projects]]
  digest = "1:c0d19ab64b32ce9fe5cf4ddceba78d5bc9807f0016db6b1183599da3dcc24d10"
  name = "github.com/hashicorp/hcl"
  packages = [
    ".",
    "hcl/ast",
    "hcl/parser",
    "hcl/printer",
    "hcl/scanner",
    "hcl/strconv",
    "hcl/token",
    "json/parser",
    "json/scanner",
    "json/token",
  ]
  pruneopts = "UT"
  revision = "8cb6e5b959231cc1119e43259c4a608f9c51a241"
  version = "v1.0.0"

[[projects]]
  digest = "1:fa6d7a5a592ad4052351be50fe4a66f9974a203eff6b675841ab64d99d17bb8e"
  name = "github.com/magiconair/properties"
  packages = ["."]
  pruneopts = "UT"
  revision = "869a5592420f4ff6ebf74500b5c658b29d973172"
  version = "v1.8.6"

[[projects]]
  branch = "master"
  digest = "1:2d54ea234b5487eb9c651f55d8ccf30978b1c2116e2f547ba7cf8cb0932bacc7"
  name = "github.com/microsoft/ApplicationInsights-Go"
  packages = [
    "appinsights",
    "appinsights/contracts",
  ]
  pruneopts = "UT"
  revision = "83da4dfd6ba2cd5f1a2bd83c931fa1dd7a419bd7"

[[projects]]
  digest = "1:3419f851770e246f952a20e81360fbbd99127767d0b1113f42de4a2c61a93c07"
  name = "github.com/mitchellh/mapstructure"
  packages = ["."]
  pruneopts = "UT"
  revision = "ab69d8d93410fce4361f4912bb1ff88110a81311"
  version = "v1.5.0"

[[projects]]
  digest = "1:844d6f61362ebbbf53cbfe08c6ab3058d6370c696a82e71a5bb4b174d71e063a"
  name = "github.com/pelletier/go-toml"
  packages = ["."]
  pruneopts = "UT"
  revision = "fed1464066413075eac02cd4dc368b5221845541"
  version = "v1.9.5"

[[projects]]
  digest = "1:0028cb19b2e4c3112225cd871870f2d9cf49b9b4276531f03438a88e94be86fe"
  name = "github.com/pmezard/go-difflib"
  packages = ["difflib"]
  pruneopts = "UT"
  revision = "792786c7400a136282c1664665ae0a8db921c6c2"
  version = "v1.0.0"

[[projects]]
  digest = "1:274f67cb6fed9588ea2521ecdac05a6d62a8c51c074c1fccc6a49a40ba80e925"
  name = "github.com/satori/go.uuid"
  packages = ["."]
  pruneopts = "UT"
  revision = "f58768cc1a7a7e77a3bd49e98cdd21419399b6a3"
  version = "v1.2.0"

[[projects]]
  digest = "1:1e7a0bc7b5a2f72e23eca484ffcad3ac345d47dba80d69b645e5c51e1705306b"
  name = "github.com/spf13/afero"
  packages = [
    ".",
    "mem",
  ]
  pruneopts = "UT"
  revision = "8d9b7958ba1cb54b94483c7effa1c4f803e00b49"
  version = "v1.8.2"

[[projects]]
  digest = "1:6f3f35c1afae2dadb84c9e94c5014d88b1cdb6edae271addd62148f880613e3e"
  name = "github.com/spf13/cast"
  packages = ["."]
  pruneopts = "UT"
  revision = "2b0eb0f724e320b655240e331aef36d1175986c2"
  version = "v1.5.0"

[[projects]]
  digest = "1:1b753ec16506f5864d26a28b43703c58831255059644351bbcb019b843950900"
  name = "github.com/spf13/jwalterweatherman"
  packages = ["."]
  pruneopts = "UT"
  revision = "94f6ae3ed3bceceafa716478c5fbf8d29ca601a1"
  version = "v1.1.0"

[[projects]]
  digest = "1:524b71991fc7d9246cc7dc2d9e0886ccb97648091c63e30eef619e6862c955dd"
  name = "github.com/spf13/pflag"
  packages = ["."]
  pruneopts = "UT"
  revision = "2e9d26c8c37aae03e3f9d4e90b7116f5accb7cab"
  version = "v1.0.5"

[[projects]]
  digest = "1:f8ae93995f7b68f2aeba036bd6c9e0881c8c6edd67d6120f092eafa4c5a040f0"
  name = "github.com/spf13/viper"
  packages = [
    ".",
    "internal/encoding",
    "internal/encoding/hcl",
    "internal/encoding/json",
    "internal/encoding/toml",
    "internal/encoding/yaml",
  ]
  pruneopts = "UT"
  revision = "f646c50b184a0bec644dd1147d6b0e57be17c7aa"
  version = "v1.10.1"

[[projects]]
  digest = "1:972c2427413d41a1e06ca4897e8528e5a1622894050e2f527b38ddf0f343f759"
  name = "github.com/stretchr/testify"
  packages = ["assert"]
  pruneopts = "UT"
  revision = "ffdc059bfe9ce6a4e144ba849dbedead332c6053"
  version = "v1.3.0"

[[projects]]
  digest = "1:4f97d9c7cd4a46704d80f574f78ff3f12260182c5ebb3d94f753beebcfd93c2a"
  name = "github.com/subosito/gotenv"
  packages = ["."]
  pruneopts = "UT"
  revision = "d94fdbe829d24b31d6ac30b6beb28b6420c1778a"
  version = "v1.4.1"

[[projects]]
  digest = "1:def11662b2e47894e5e4f021197e9f465ae5c119796f73ba02acc2540ad03ee2"
  name = "golang.org/x/text"
  packages = [
    "internal/gen",
    "internal/triegen",
    "internal/ucd",
    "transform",
    "unicode/cldr",
    "unicode/norm",
  ]
  pruneopts = "UT"
  revision = "1bdb400fb39a45cc788ffe7e5d7a2a9719afc7e9"
  version = "v0.4.0"

[[projects]]
  digest = "1:90148b2145a5a9237521a93c641c4e9ba5213ab28111273dbac01d3439d260da"
  name = "gopkg.in/ini.v1"
  packages = ["."]
  pruneopts = "UT"
  revision = "b2f570e5b5b844226bbefe6fb521d891f529a951"
  version = "v1.67.0"

[[projects]]
  digest = "1:5054a1f394226de9e6ddc47b0ba77e35092a4112f4a1cd9cb94aba1f5bdc3ec6"
  name = "gopkg.in/yaml.v2"
  packages = ["."]
  pruneopts = "UT"
  revision = "7649d4548cb53a614db133b2a8ac1f31859dda8c"
  version = "v2.4.0"

[solve-meta]
  analyzer-name = "dep"
  analyzer-version = 1
  input-imports = [
    "github.com/BurntSushi/toml",
    "github.com/google/uuid",
    "github.com/microsoft/ApplicationInsights-Go/appinsights",
    "github.com/microsoft/ApplicationInsights-Go/appinsights/contracts",
    "github.com/spf13/viper",
    "github.com/stretchr/testify/assert",
  ]
  solver-name = "gps-cdcl"
  solver-version = 1
