{
  "version": 1,
  "dependencies": {
    ".NETCoreApp,Version=v3.1": {
      "Microsoft.Extensions.DependencyInjection.Abstractions": {
        "type": "Direct",
        "requested": "[3.1.5, )",
        "resolved": "3.1.5",
        "contentHash": "2VSCj2TZPMdeEi279Lawi6qJQu4+sEWizSOYrhY6hapyS1jxn1jVUZT1Ugv68bya+x8+3lD4+RqhUZql9PhISQ=="
      },
      "Microsoft.Extensions.Http": {
        "type": "Direct",
        "requested": "[3.1.5, )",
        "resolved": "3.1.5",
        "contentHash": "P8yu3UDd0X129FmxJN0/nObuuH4v7YoxK00kEs8EU4R7POa+3yp/buux74fNYTLORuEqjBTMGtV7TBszuvCj7g==",
        "dependencies": {
          "Microsoft.Extensions.DependencyInjection.Abstractions": "3.1.5",
          "Microsoft.Extensions.Logging": "3.1.5",
          "Microsoft.Extensions.Options": "3.1.5"
        }
      },
      "Microsoft.Extensions.Http.Polly": {
        "type": "Direct",
        "requested": "[3.1.5, )",
        "resolved": "3.1.5",
        "contentHash": "wW+kLLqoQPIg3+NQhBkqmxBAtoGJhVsQ03RAjw/Jx0oTSmaZsJY3rIlBmsrHdeKOxq19P4qRlST2wk/k5tdXhg==",
        "dependencies": {
          "Microsoft.Extensions.Http": "3.1.5",
          "Polly": "7.1.0",
          "Polly.Extensions.Http": "3.0.0"
        }
      },
      "Microsoft.Extensions.Logging.Abstractions": {
        "type": "Direct",
        "requested": "[3.1.5, )",
        "resolved": "3.1.5",
        "contentHash": "ZvwowjRSWXewdPI+whPFXgwF4Qme6Q9KV9SCPEITSGiqHLArct7q5hTBtTzj3GPsVLjTqehvTg6Bd/EQk9JS0A=="
      },
      "Microsoft.Extensions.Options": {
        "type": "Direct",
        "requested": "[3.1.5, )",
        "resolved": "3.1.5",
        "contentHash": "f+JT/7lkKBMp/Ak2tVjO+TD7o+UoCfjnExkZNn0PZIso8kIXrqNy6x42Lrxf4Q0pW3JMf9ExmL2EQlvk2XnFAg==",
        "dependencies": {
          "Microsoft.Extensions.DependencyInjection.Abstractions": "3.1.5",
          "Microsoft.Extensions.Primitives": "3.1.5"
        }
      },
      "Microsoft.Oryx.Detector": {
        "type": "Direct",
        "requested": "[1.0.0-*, )",
        "resolved": "1.0.0-pre-20200713.5",
        "contentHash": "pr6jANz4FpMAUiQES7xe0Vo9aq72G0GqhRoOeJpWNHalKkWfC9vhxeomHPgQG5hYKEXByChh0vC0M6mO6uTnpQ==",
        "dependencies": {
          "Microsoft.VisualStudioEng.MicroBuild.Core": "0.4.1"
        }
      },
      "Nett": {
        "type": "Direct",
        "requested": "[0.13.0, )",
        "resolved": "0.13.0",
        "contentHash": "s3GMchEhJHuDEddBV4g5UbK7x6r7inTRZ0mOmqPXQPAQ0mr8pODN++5mfnAbAs/s6RI4+qYNuoUymnGBxgbfgQ=="
      },
      "Newtonsoft.Json": {
        "type": "Direct",
        "requested": "[11.0.2, )",
        "resolved": "11.0.2",
        "contentHash": "IvJe1pj7JHEsP8B8J8DwlMEx8UInrs/x+9oVY+oCD13jpLu4JbJU2WCIsMRn5C4yW9+DgkaO8uiVE5VHKjpmdQ=="
      },
      "Scriban.Signed": {
        "type": "Direct",
        "requested": "[1.2.9, )",
        "resolved": "1.2.9",
        "contentHash": "R/ALGGI6cPfrP4c/5sHjTK5MJiCuclaJEFoeP+U63H5LjmPvo9If6FS9K6lqH2XSHyzmqMLcdWwJ5KOzbuqMYw=="
      },
      "SemanticVersioning": {
        "type": "Direct",
        "requested": "[1.2.0, )",
        "resolved": "1.2.0",
        "contentHash": "uYqkmqYk0D7pAShLoxCQsKX2aHj+D+Omf2g1NXoRADsJcFduwf1HLqiYY99vremiFobQfcsia948Gt3bG3ryFQ=="
      },
      "StyleCop.Analyzers": {
        "type": "Direct",
        "requested": "[1.1.118, )",
        "resolved": "1.1.118",
        "contentHash": "Onx6ovGSqXSK07n/0eM3ZusiNdB6cIlJdabQhWGgJp3Vooy9AaLS/tigeybOJAobqbtggTamoWndz72JscZBvw=="
      },
      "System.CodeDom": {
        "type": "Direct",
        "requested": "[4.5.0, )",
        "resolved": "4.5.0",
        "contentHash": "gqpR1EeXOuzNQWL7rOzmtdIz3CaXVjSQCiaGOs2ivjPwynKSJYm39X81fdlp7WuojZs/Z5t1k5ni7HtKQurhjw=="
      },
      "YamlDotNet": {
        "type": "Direct",
        "requested": "[8.0.0, )",
        "resolved": "8.0.0",
        "contentHash": "Ib8lKt7TlODREDFLOWef0OmxChsQlTsRSGGx7A6YH8d7Y+YrMg8Z/RneW5WAnDsfygg/Ao2r2ND1UNe0LLPMFw=="
      },
      "JetBrains.Annotations": {
        "type": "Transitive",
        "resolved": "2018.3.0",
        "contentHash": "Hbt5edAd7OfnYwsRayYguECzIJ4FUWDGjeEHsmxIgEpBbqZglhpxqjPWnWN/pEQM1HFGojMrR9dsywmC8pPTeQ=="
      },
      "Microsoft.ApplicationInsights": {
        "type": "Transitive",
        "resolved": "2.10.0",
        "contentHash": "qwWKmevApRZmNUqSTiISgcGXkxnS7pxJGiqPkQT2LbrWKQr/CqjbIgzuXXkyHhvOfY39Cw7ZLmIltKbTmIFzig==",
        "dependencies": {
          "System.Diagnostics.DiagnosticSource": "4.5.0",
          "System.RunTime.InteropServices": "4.3.0"
        }
      },
      "Microsoft.ApplicationInsights.NLogTarget": {
        "type": "Transitive",
        "resolved": "2.10.0",
        "contentHash": "hQnN6yqOQZu6sj9e5CoXPwEvJ5nlOPCRmM6diutYnJv08/PTOlTVzzBMPGyIDzublW5xe/hqcy+RxETbKXbe7A==",
        "dependencies": {
          "Microsoft.ApplicationInsights": "2.10.0",
          "NETStandard.Library": "1.6.1",
          "NLog": "4.5.0"
        }
      },
      "Microsoft.Extensions.Configuration": {
        "type": "Transitive",
        "resolved": "3.1.5",
        "contentHash": "LZfdAP8flK4hkaniUv6TlstDX9FXLmJMX1A4mpLghAsZxTaJIgf+nzBNiPRdy/B5Vrs74gRONX3JrIUJQrebmA==",
        "dependencies": {
          "Microsoft.Extensions.Configuration.Abstractions": "3.1.5"
        }
      },
      "Microsoft.Extensions.Configuration.Abstractions": {
        "type": "Transitive",
        "resolved": "3.1.5",
        "contentHash": "VBcAk6s9izZr04WCzNqOh1Sxz2RbVSh0G79MfpHSDv16cUJtSEYEHody9ZnF71LBEktzdu6cvDFBOFMh43q0iA==",
        "dependencies": {
          "Microsoft.Extensions.Primitives": "3.1.5"
        }
      },
      "Microsoft.Extensions.Configuration.Binder": {
        "type": "Transitive",
        "resolved": "3.1.5",
        "contentHash": "ZR/zjBxkvdnnWhRoBHDT95uz1ZgJFhv1QazmKCIcDqy/RXqi+6dJ/PfxDhEnzPvk9HbkcGfFsPEu1vSIyxDqBQ==",
        "dependencies": {
          "Microsoft.Extensions.Configuration": "3.1.5"
        }
      },
      "Microsoft.Extensions.DependencyInjection": {
        "type": "Transitive",
        "resolved": "3.1.5",
        "contentHash": "I+RTJQi7TtenIHZqL2zr6523PYXfL88Ruu4UIVmspIxdw14GHd8zZ+2dGLSdwX7fn41Hth4d42S1e1iHWVOJyQ==",
        "dependencies": {
          "Microsoft.Extensions.DependencyInjection.Abstractions": "3.1.5"
        }
      },
      "Microsoft.Extensions.Logging": {
        "type": "Transitive",
        "resolved": "3.1.5",
        "contentHash": "C85NYDym6xy03o70vxX+VQ4ZEjj5Eg5t5QoGW0t100vG5MmPL6+G3XXcQjIIn1WRQrjzGWzQwuKf38fxXEWIWA==",
        "dependencies": {
          "Microsoft.Extensions.Configuration.Binder": "3.1.5",
          "Microsoft.Extensions.DependencyInjection": "3.1.5",
          "Microsoft.Extensions.Logging.Abstractions": "3.1.5",
          "Microsoft.Extensions.Options": "3.1.5"
        }
      },
      "Microsoft.Extensions.Primitives": {
        "type": "Transitive",
        "resolved": "3.1.5",
        "contentHash": "6bLdjSAQix82oP2tsuX9MM2yjgUFFOkSZYyRSKoUULilw2cg0Y0H+dnugwYlfj8Jd7yjd/+QSdNBqEyYhTYv0w=="
      },
      "Microsoft.NETCore.Platforms": {
        "type": "Transitive",
        "resolved": "1.1.0",
        "contentHash": "k9OpJ04q+SDTKnrT7bpUjdYGvzuUtrKZgkp2zGtzQkP8DucP8mVnqesTgeQ+ZgB8bdkoqGIqv4jWw4HOOWRGUg=="
      },
      "Microsoft.NETCore.Targets": {
        "type": "Transitive",
        "resolved": "1.1.0",
        "contentHash": "uF4aD5S64Hrrfx1EExkKI4+dgU82VoRuTadJu9DZVwcz9OqCTiRcQjJEk1kMuGlrGPdaBGtaB8Ov7MXDTJMmWw=="
      },
      "Microsoft.VisualStudioEng.MicroBuild.Core": {
        "type": "Transitive",
        "resolved": "0.4.1",
        "contentHash": "2DhYPxdDyPu0ggmMmDjFBjdlErvA/DbYRf6OhtmCaUCskgMvqfVofUAKXkFpAyu/CshNKcyiG+DX0dPIPTqhLw=="
      },
      "Microsoft.Win32.Primitives": {
        "type": "Transitive",
        "resolved": "4.3.0",
        "contentHash": "fFYu+n0sK5IIjTN4vQFFHYEh7FHHtfaZGw5NMDYs24fv8R6W/P9W/Qe7XYW12e/0DDZ7SJ8mRL2V0fvD3Xxtlw==",
        "dependencies": {
          "Microsoft.NETCore.Platforms": "1.1.0",
          "Microsoft.NETCore.Targets": "1.1.0",
          "System.Runtime": "4.3.0"
        }
      },
      "NETStandard.Library": {
        "type": "Transitive",
        "resolved": "1.6.1",
        "contentHash": "aYXJhKRdcl4pTa6LN/HFvjACzj45Z6n15jU32IN62Goi/M795BpNVOrjPrBQ6L03wclUt3gpupg6B+i8RZJ+rw==",
        "dependencies": {
          "Microsoft.NETCore.Platforms": "1.1.0",
          "Microsoft.Win32.Primitives": "4.3.0",
          "System.AppContext": "4.3.0",
          "System.Collections": "4.3.0",
          "System.Collections.Concurrent": "4.3.0",
          "System.Console": "4.3.0",
          "System.Diagnostics.Debug": "4.3.0",
          "System.Diagnostics.Tools": "4.3.0",
          "System.Diagnostics.Tracing": "4.3.0",
          "System.Globalization": "4.3.0",
          "System.Globalization.Calendars": "4.3.0",
          "System.IO": "4.3.0",
          "System.IO.Compression": "4.3.0",
          "System.IO.Compression.ZipFile": "4.3.0",
          "System.IO.FileSystem": "4.3.0",
          "System.IO.FileSystem.Primitives": "4.3.0",
          "System.Linq": "4.3.0",
          "System.Linq.Expressions": "4.3.0",
          "System.Net.Http": "4.3.0",
          "System.Net.Primitives": "4.3.0",
          "System.Net.Sockets": "4.3.0",
          "System.ObjectModel": "4.3.0",
          "System.Reflection": "4.3.0",
          "System.Reflection.Extensions": "4.3.0",
          "System.Reflection.Primitives": "4.3.0",
          "System.Resources.ResourceManager": "4.3.0",
          "System.Runtime": "4.3.0",
          "System.Runtime.Extensions": "4.3.0",
          "System.Runtime.Handles": "4.3.0",
          "System.Runtime.InteropServices": "4.3.0",
          "System.Runtime.InteropServices.RuntimeInformation": "4.3.0",
          "System.Runtime.Numerics": "4.3.0",
          "System.Security.Cryptography.Algorithms": "4.3.0",
          "System.Security.Cryptography.Encoding": "4.3.0",
          "System.Security.Cryptography.Primitives": "4.3.0",
          "System.Security.Cryptography.X509Certificates": "4.3.0",
          "System.Text.Encoding": "4.3.0",
          "System.Text.Encoding.Extensions": "4.3.0",
          "System.Text.RegularExpressions": "4.3.0",
          "System.Threading": "4.3.0",
          "System.Threading.Tasks": "4.3.0",
          "System.Threading.Timer": "4.3.0",
          "System.Xml.ReaderWriter": "4.3.0",
          "System.Xml.XDocument": "4.3.0"
        }
      },
      "NLog": {
        "type": "Transitive",
        "resolved": "4.5.0",
        "contentHash": "lzqhWWkcC2HplWKsT3Rv81O7WbMt0xr0ICnCGqTgiSkqbnRxL8tTDGL0WRK7+sFZnZ/GQThkQcjSymhcbz05/w=="
      },
      "Polly": {
        "type": "Transitive",
        "resolved": "7.1.0",
        "contentHash": "mpQsvlEn4ipgICh5CGyVLPV93RFVzOrBG7wPZfzY8gExh7XgWQn0GCDY9nudbUEJ12UiGPP9i4+CohghBvzhmg=="
      },
      "Polly.Extensions.Http": {
        "type": "Transitive",
        "resolved": "3.0.0",
        "contentHash": "drrG+hB3pYFY7w1c3BD+lSGYvH2oIclH8GRSehgfyP5kjnFnHKQuuBhuHLv+PWyFuaTDyk/vfRpnxOzd11+J8g==",
        "dependencies": {
          "Polly": "7.1.0"
        }
      },
      "runtime.debian.8-x64.runtime.native.System.Security.Cryptography.OpenSsl": {
        "type": "Transitive",
        "resolved": "4.3.0",
        "contentHash": "oDo6V8HPQxC+0fFHSytne+yH8j1Bg41QZpPADZQNIsNJfhb/bK3E3aZ4wfg5QUCptzi1ZD0hTLpn5SEkow9KiA=="
      },
      "runtime.fedora.23-x64.runtime.native.System.Security.Cryptography.OpenSsl": {
        "type": "Transitive",
        "resolved": "4.3.0",
        "contentHash": "jezuerF21vSu+parz4eeAzGKXiR/V9D0GyYzPr3cdAp2pamO3AuP21pkMKWGFMWPni60mNuw5/jve5Qj8CqivA=="
      },
      "runtime.fedora.24-x64.runtime.native.System.Security.Cryptography.OpenSsl": {
        "type": "Transitive",
        "resolved": "4.3.0",
        "contentHash": "B14cI6d//CuUn3XhuIoDD9V+V1yyADzMNJgaXh3vlCse+gU49a17+WTVrE6aUzWgOFVnvE+JqytbJpuD7fPb/A=="
      },
      "runtime.native.System": {
        "type": "Transitive",
        "resolved": "4.3.0",
        "contentHash": "gkSIlutHVsAVNzmE+OvQJ6qsTe609U2GsFx3/RggauGvny1JC3UeJj7+R9mj3oHrKHKNoNLXPaewThdDYfEuJg==",
        "dependencies": {
          "Microsoft.NETCore.Platforms": "1.1.0",
          "Microsoft.NETCore.Targets": "1.1.0"
        }
      },
      "runtime.native.System.IO.Compression": {
        "type": "Transitive",
        "resolved": "4.3.0",
        "contentHash": "ZUrnMJ3M84rmvsU/0Ejjmh7zESpTr/APXE0X1r7HmGKdKx9++tqKCWzUooEEOYYdU6ZPTuDKtfxmZjmy7q5OWQ==",
        "dependencies": {
          "Microsoft.NETCore.Platforms": "1.1.0",
          "Microsoft.NETCore.Targets": "1.1.0"
        }
      },
      "runtime.native.System.Net.Http": {
        "type": "Transitive",
        "resolved": "4.3.0",
        "contentHash": "lSgxEKjk+PbvFedBCMQQ6iFIZMLM/CvfOluIBQR1XiHaJqIb5Evl9dQSkVzGpEUtlVbVkKG4k321j+7P75wThQ==",
        "dependencies": {
          "Microsoft.NETCore.Platforms": "1.1.0",
          "Microsoft.NETCore.Targets": "1.1.0"
        }
      },
      "runtime.native.System.Security.Cryptography.Apple": {
        "type": "Transitive",
        "resolved": "4.3.0",
        "contentHash": "WcIsNR+nDEa0mO7jAcLiUl7MIeYF9riEVhDQms/dznz1VCJGYxOu1jBMxF362n4Pe/KoIw8O+ZGdv13lbeHqBw==",
        "dependencies": {
          "runtime.osx.10.10-x64.runtime.native.System.Security.Cryptography.Apple": "4.3.0"
        }
      },
      "runtime.native.System.Security.Cryptography.OpenSsl": {
        "type": "Transitive",
        "resolved": "4.3.0",
        "contentHash": "C74IaZJeoDx53uCc3Uixo1y/ESvHgfg5YwigsZqHy3HoTAm9nXlp0vsne7T/56zqQX9tWR1uy1fooYEQk38A1g==",
        "dependencies": {
          "runtime.debian.8-x64.runtime.native.System.Security.Cryptography.OpenSsl": "4.3.0",
          "runtime.fedora.23-x64.runtime.native.System.Security.Cryptography.OpenSsl": "4.3.0",
          "runtime.fedora.24-x64.runtime.native.System.Security.Cryptography.OpenSsl": "4.3.0",
          "runtime.opensuse.13.2-x64.runtime.native.System.Security.Cryptography.OpenSsl": "4.3.0",
          "runtime.opensuse.42.1-x64.runtime.native.System.Security.Cryptography.OpenSsl": "4.3.0",
          "runtime.osx.10.10-x64.runtime.native.System.Security.Cryptography.OpenSsl": "4.3.0",
          "runtime.rhel.7-x64.runtime.native.System.Security.Cryptography.OpenSsl": "4.3.0",
          "runtime.ubuntu.14.04-x64.runtime.native.System.Security.Cryptography.OpenSsl": "4.3.0",
          "runtime.ubuntu.16.04-x64.runtime.native.System.Security.Cryptography.OpenSsl": "4.3.0",
          "runtime.ubuntu.16.10-x64.runtime.native.System.Security.Cryptography.OpenSsl": "4.3.0"
        }
      },
      "runtime.opensuse.13.2-x64.runtime.native.System.Security.Cryptography.OpenSsl": {
        "type": "Transitive",
        "resolved": "4.3.0",
        "contentHash": "sQj4CaZ1w77sttAFiXfHYbQC6z+J+BXJn8/flBdvL2woBdnLkx4N8M7Lj3Vzc5KYgggGS3dL+qnLGFb1zjgcog=="
      },
      "runtime.opensuse.42.1-x64.runtime.native.System.Security.Cryptography.OpenSsl": {
        "type": "Transitive",
        "resolved": "4.3.0",
        "contentHash": "JQPxbr2S8xM3Q7g1qQC9oAievJPgZUcvcZwJK+tM+lIG7qxlY52iWLxXuEPGj28wB0j2bLp2f/XH5uyrVk46QQ=="
      },
      "runtime.osx.10.10-x64.runtime.native.System.Security.Cryptography.Apple": {
        "type": "Transitive",
        "resolved": "4.3.0",
        "contentHash": "snpqZ3XpcDXV1o+LID8tZYr/m49b/aO1khBtdSinkG+J40TFzfT69cxlCqk2foeCRKn2z52Y/H/sArG99j9exA=="
      },
      "runtime.osx.10.10-x64.runtime.native.System.Security.Cryptography.OpenSsl": {
        "type": "Transitive",
        "resolved": "4.3.0",
        "contentHash": "QDiBFFIS0tpd0AYHXk6nUGk/OfINYn2TYCSfAp2MgPvdVG6Zh9Q4toSo0Zf535RnqRGahzCGo/VS/AG6Apu2ZA=="
      },
      "runtime.rhel.7-x64.runtime.native.System.Security.Cryptography.OpenSsl": {
        "type": "Transitive",
        "resolved": "4.3.0",
        "contentHash": "g6+n4YfSKlaBjboNmrlyx8OecF3cUiGhzSn+afzvdGQVBprQMXn9WbxGHWbidggYNHO+uiSKCuanC/E7VSnx7w=="
      },
      "runtime.ubuntu.14.04-x64.runtime.native.System.Security.Cryptography.OpenSsl": {
        "type": "Transitive",
        "resolved": "4.3.0",
        "contentHash": "FS9xQleSQyqnbc4tpY1eYIIIHFUmsV9d4blQ2tDyLsMth1i3qpj+UHFT1VrB9pPf0uO+ZCUZKBwDcl9EgSG8gw=="
      },
      "runtime.ubuntu.16.04-x64.runtime.native.System.Security.Cryptography.OpenSsl": {
        "type": "Transitive",
        "resolved": "4.3.0",
        "contentHash": "CVCwHTURzcQ2qYVk3oce2+5+K8U1YzV6gqBTpirwEoyA90abVvKeVdZGobTZgnQoR49Kt692F488T8PrPI9Lzw=="
      },
      "runtime.ubuntu.16.10-x64.runtime.native.System.Security.Cryptography.OpenSsl": {
        "type": "Transitive",
        "resolved": "4.3.0",
        "contentHash": "OOH5mkaYb5SlcrB/mhbrVnAR4d90D6gwmHJmsLH41323i6v8fYydbZ+5tMrlXWroDCBAiftZOB/hogGxJmNrgA=="
      },
      "System.AppContext": {
        "type": "Transitive",
        "resolved": "4.3.0",
        "contentHash": "G/TVihYmAn3vhamh/FxpMGHTgcjk1397cJtQqdvFLzyAi3bYjREYaZA8DNiI27EbxM5hJ5O+vQDjPWkMOr8fAw==",
        "dependencies": {
          "System.Runtime": "4.3.0"
        }
      },
      "System.Buffers": {
        "type": "Transitive",
        "resolved": "4.3.0",
        "contentHash": "GwKtqIYTo/iW8UZWUzDjM77FZ5cOXBpGJgWF45VmYj2KnSBRDvNQpOeQg2uSLYW07OmNtkINN8xh5QcgA836rQ==",
        "dependencies": {
          "System.Diagnostics.Debug": "4.3.0",
          "System.Diagnostics.Tracing": "4.3.0",
          "System.Resources.ResourceManager": "4.3.0",
          "System.Runtime": "4.3.0",
          "System.Threading": "4.3.0"
        }
      },
      "System.Collections": {
        "type": "Transitive",
        "resolved": "4.3.0",
        "contentHash": "949Ho0bqQBvFRI/A4g/RUw5xmrSJ75iFT2yIESRr0zaRVO+Gf8CDNC5AnslV73WHnXwlCSum6IpaxTzq3IJRzQ==",
        "dependencies": {
          "Microsoft.NETCore.Platforms": "1.1.0",
          "Microsoft.NETCore.Targets": "1.1.0",
          "System.Runtime": "4.3.0"
        }
      },
      "System.Collections.Concurrent": {
        "type": "Transitive",
        "resolved": "4.3.0",
        "contentHash": "5DCzAWPL9Ksspw1Wx2dGI2INqUpnHcwmeoXeG7/RUpPNa9IVBAgb4igZuuKvoTcsZihOmIr8lZxiP8ijegAwpA==",
        "dependencies": {
          "System.Collections": "4.3.0",
          "System.Diagnostics.Debug": "4.3.0",
          "System.Diagnostics.Tracing": "4.3.0",
          "System.Globalization": "4.3.0",
          "System.Reflection": "4.3.0",
          "System.Resources.ResourceManager": "4.3.0",
          "System.Runtime": "4.3.0",
          "System.Runtime.Extensions": "4.3.0",
          "System.Threading": "4.3.0",
          "System.Threading.Tasks": "4.3.0"
        }
      },
      "System.Console": {
        "type": "Transitive",
        "resolved": "4.3.0",
        "contentHash": "4Zphvt9JVKpI7ayyL78Drfy0jTF6+5y4T+Cm520+qHqx20tdT1AMh15ubeXYjRBvEGOx9AK9aKxKvfJhy7pk/Q==",
        "dependencies": {
          "Microsoft.NETCore.Platforms": "1.1.0",
          "Microsoft.NETCore.Targets": "1.1.0",
          "System.IO": "4.3.0",
          "System.Runtime": "4.3.0",
          "System.Text.Encoding": "4.3.0"
        }
      },
      "System.Diagnostics.Debug": {
        "type": "Transitive",
        "resolved": "4.3.0",
        "contentHash": "ZMBrXjhSak83X4gigtuzdi+nu7mrvrIdl+sEEOe5wtNQ8cbqnaks9TA0WYGzpCjo/QORqvr7AHMro2PQkD9A4A==",
        "dependencies": {
          "Microsoft.NETCore.Platforms": "1.1.0",
          "Microsoft.NETCore.Targets": "1.1.0",
          "System.Runtime": "4.3.0"
        }
      },
      "System.Diagnostics.DiagnosticSource": {
        "type": "Transitive",
        "resolved": "4.5.0",
        "contentHash": "eIHRELiYDQvsMToML81QFkXEEYXUSUT2F28t1SGrevWqP+epFdw80SyAXIKTXOHrIEXReFOEnEr7XlGiC2GgOg=="
      },
      "System.Diagnostics.Tools": {
        "type": "Transitive",
        "resolved": "4.3.0",
        "contentHash": "4ih9DtYV8f1vKm5tflkUZzgligvnc7lOryx6TV5KOU835uGqx1MEEp3tM1HTlBN13dfLurUQXvgqStrYJJTX2A==",
        "dependencies": {
          "Microsoft.NETCore.Platforms": "1.1.0",
          "Microsoft.NETCore.Targets": "1.1.0",
          "System.Runtime": "4.3.0"
        }
      },
      "System.Diagnostics.Tracing": {
        "type": "Transitive",
        "resolved": "4.3.0",
        "contentHash": "b1Zzw7CNTf27eADuQiYnWCL2ZZPmXhk7uZwmCG4sUjNh7vYa/aqCXKXePDL15mO7kIopSKn/2EcEEZ8OWYJEug==",
        "dependencies": {
          "Microsoft.NETCore.Platforms": "1.1.0",
          "Microsoft.NETCore.Targets": "1.1.0",
          "System.Runtime": "4.3.0"
        }
      },
      "System.Globalization": {
        "type": "Transitive",
        "resolved": "4.3.0",
        "contentHash": "zMHsebncNApoiuJY27YJzJbisN9kXm970YXWw9BNutEILKcArL6ni2gsnCjQpm2UeNHidsyujrGUuo7LTLfAxQ==",
        "dependencies": {
          "Microsoft.NETCore.Platforms": "1.1.0",
          "Microsoft.NETCore.Targets": "1.1.0",
          "System.Runtime": "4.3.0"
        }
      },
      "System.Globalization.Calendars": {
        "type": "Transitive",
        "resolved": "4.3.0",
        "contentHash": "AUkzaRXIkWM3nJ1k91F3QfR+6+4NWJ85Lsfkd+4WvyX1XKegxS3HY5sk/c1FlXuSvgu1+vEnYrnxsgVfkgKZIQ==",
        "dependencies": {
          "Microsoft.NETCore.Platforms": "1.1.0",
          "Microsoft.NETCore.Targets": "1.1.0",
          "System.Globalization": "4.3.0",
          "System.Runtime": "4.3.0"
        }
      },
      "System.Globalization.Extensions": {
        "type": "Transitive",
        "resolved": "4.3.0",
        "contentHash": "rFAsQFYzL3SbkdxNKqp6QGZ7Zxk1Cgtymf8B0l1dn4IbCCMP6GgvwlQ6+MeCB9/YmKjUXird3dpXrgJVW8ZwDQ==",
        "dependencies": {
          "Microsoft.NETCore.Platforms": "1.1.0",
          "System.Globalization": "4.3.0",
          "System.Resources.ResourceManager": "4.3.0",
          "System.Runtime": "4.3.0",
          "System.Runtime.Extensions": "4.3.0",
          "System.Runtime.InteropServices": "4.3.0"
        }
      },
      "System.IO": {
        "type": "Transitive",
        "resolved": "4.3.0",
        "contentHash": "/fSUmgLzOKlk9GjVFfNYZ+Q3go1lTBGVXAtAxwCMLiWMzwcqbP7/C3QY3AUHMZ6ckFc1KVRK0BDAUWWG5NmBEw==",
        "dependencies": {
          "Microsoft.NETCore.Platforms": "1.1.0",
          "Microsoft.NETCore.Targets": "1.1.0",
          "System.Runtime": "4.3.0",
          "System.Text.Encoding": "4.3.0",
          "System.Threading.Tasks": "4.3.0"
        }
      },
      "System.IO.Compression": {
        "type": "Transitive",
        "resolved": "4.3.0",
        "contentHash": "lonKV8zMJyhMQhMyXFj8noEEO1mTKlKuCZyLyob+v+qxmKkYurr3JHt1pktYc7wfhzu10Bj3BSst3LJlSD1DMQ==",
        "dependencies": {
          "Microsoft.NETCore.Platforms": "1.1.0",
          "System.Buffers": "4.3.0",
          "System.Collections": "4.3.0",
          "System.Diagnostics.Debug": "4.3.0",
          "System.IO": "4.3.0",
          "System.Resources.ResourceManager": "4.3.0",
          "System.Runtime": "4.3.0",
          "System.Runtime.Extensions": "4.3.0",
          "System.Runtime.Handles": "4.3.0",
          "System.Runtime.InteropServices": "4.3.0",
          "System.Text.Encoding": "4.3.0",
          "System.Threading": "4.3.0",
          "System.Threading.Tasks": "4.3.0",
          "runtime.native.System": "4.3.0",
          "runtime.native.System.IO.Compression": "4.3.0"
        }
      },
      "System.IO.Compression.ZipFile": {
        "type": "Transitive",
        "resolved": "4.3.0",
        "contentHash": "oHyjvRUr7il7eGW4LfwL1SvSNQrQtJa4ziUvxOo1gshEoDEelhJBbX0iJKZxUwPGifn+xmBZznKAhJFc3wsLig==",
        "dependencies": {
          "System.Buffers": "4.3.0",
          "System.IO": "4.3.0",
          "System.IO.Compression": "4.3.0",
          "System.IO.FileSystem": "4.3.0",
          "System.IO.FileSystem.Primitives": "4.3.0",
          "System.Resources.ResourceManager": "4.3.0",
          "System.Runtime": "4.3.0",
          "System.Runtime.Extensions": "4.3.0",
          "System.Text.Encoding": "4.3.0"
        }
      },
      "System.IO.FileSystem": {
        "type": "Transitive",
        "resolved": "4.3.0",
        "contentHash": "DjtaN33XwaxCt6AA3ThTYNXoFgxeTlx2fTMk7i5/U3vjCldNey9/KeZeHbDqvrWWY265vuQrUX2UNFAJhwxigg==",
        "dependencies": {
          "Microsoft.NETCore.Platforms": "1.1.0",
          "Microsoft.NETCore.Targets": "1.1.0",
          "System.IO": "4.3.0",
          "System.IO.FileSystem.Primitives": "4.3.0",
          "System.Runtime": "4.3.0",
          "System.Runtime.Handles": "4.3.0",
          "System.Text.Encoding": "4.3.0",
          "System.Threading.Tasks": "4.3.0"
        }
      },
      "System.IO.FileSystem.Primitives": {
        "type": "Transitive",
        "resolved": "4.3.0",
        "contentHash": "g108vMZIzoy+uANZgeAAHQerQw4oztUg2PY4TE8G4ovaFW6BL9IYUAhRau3gI0d2ZMWwKPkWsNn0rhiK+K5Dvg==",
        "dependencies": {
          "System.Runtime": "4.3.0"
        }
      },
      "System.Linq": {
        "type": "Transitive",
        "resolved": "4.3.0",
        "contentHash": "CrkjbcWcrfyMYdgAwlUeiAO9Mth0rpyM5cnpsoll7ASJAw3C+wE+i18Ot6q63i+2RtvJDEqDtaMTNQoCjydI6Q==",
        "dependencies": {
          "System.Collections": "4.3.0",
          "System.Diagnostics.Debug": "4.3.0",
          "System.Resources.ResourceManager": "4.3.0",
          "System.Runtime": "4.3.0",
          "System.Runtime.Extensions": "4.3.0"
        }
      },
      "System.Linq.Expressions": {
        "type": "Transitive",
        "resolved": "4.3.0",
        "contentHash": "UPEzMp0Jz4U5q4R1BadVfLyRUknp5uEG7uZ3j8rEizP47tyD5WNrxUwcdg8rF1Wfjng/fEbH/9D3hnpybvaVfg==",
        "dependencies": {
          "System.Collections": "4.3.0",
          "System.Diagnostics.Debug": "4.3.0",
          "System.Globalization": "4.3.0",
          "System.IO": "4.3.0",
          "System.Linq": "4.3.0",
          "System.ObjectModel": "4.3.0",
          "System.Reflection": "4.3.0",
          "System.Reflection.Emit": "4.3.0",
          "System.Reflection.Emit.ILGeneration": "4.3.0",
          "System.Reflection.Emit.Lightweight": "4.3.0",
          "System.Reflection.Extensions": "4.3.0",
          "System.Reflection.Primitives": "4.3.0",
          "System.Reflection.TypeExtensions": "4.3.0",
          "System.Resources.ResourceManager": "4.3.0",
          "System.Runtime": "4.3.0",
          "System.Runtime.Extensions": "4.3.0",
          "System.Threading": "4.3.0"
        }
      },
      "System.Net.Http": {
        "type": "Transitive",
        "resolved": "4.3.0",
        "contentHash": "z2b2FVHkywcV7HSc8rSPIEEsOrvW3g6vXRKUieBhJuipA2UUUiSn2a0KM1Nb+L5WjimORFOolfBshLHpi/6MbQ==",
        "dependencies": {
          "Microsoft.NETCore.Platforms": "1.1.0",
          "System.Collections": "4.3.0",
          "System.Diagnostics.Debug": "4.3.0",
          "System.Diagnostics.DiagnosticSource": "4.3.0",
          "System.Diagnostics.Tracing": "4.3.0",
          "System.Globalization": "4.3.0",
          "System.Globalization.Extensions": "4.3.0",
          "System.IO": "4.3.0",
          "System.IO.FileSystem": "4.3.0",
          "System.Net.Primitives": "4.3.0",
          "System.Resources.ResourceManager": "4.3.0",
          "System.Runtime": "4.3.0",
          "System.Runtime.Extensions": "4.3.0",
          "System.Runtime.Handles": "4.3.0",
          "System.Runtime.InteropServices": "4.3.0",
          "System.Security.Cryptography.Algorithms": "4.3.0",
          "System.Security.Cryptography.Encoding": "4.3.0",
          "System.Security.Cryptography.OpenSsl": "4.3.0",
          "System.Security.Cryptography.Primitives": "4.3.0",
          "System.Security.Cryptography.X509Certificates": "4.3.0",
          "System.Text.Encoding": "4.3.0",
          "System.Threading": "4.3.0",
          "System.Threading.Tasks": "4.3.0",
          "runtime.native.System": "4.3.0",
          "runtime.native.System.Net.Http": "4.3.0",
          "runtime.native.System.Security.Cryptography.OpenSsl": "4.3.0"
        }
      },
      "System.Net.Primitives": {
        "type": "Transitive",
        "resolved": "4.3.0",
        "contentHash": "ZBrUnxADAA463jOt/ZeAMOXH3lel1lCwh4SkFa2IqIlcy9Vejq8QsYC1rwgnXW7EUnQcwymN/0yG6Sz595rWrQ==",
        "dependencies": {
          "Microsoft.NETCore.Platforms": "1.1.0",
          "Microsoft.NETCore.Targets": "1.1.0",
          "System.Runtime": "4.3.0",
          "System.Runtime.Handles": "4.3.0"
        }
      },
      "System.Net.Sockets": {
        "type": "Transitive",
        "resolved": "4.3.0",
        "contentHash": "N1qzosj2G9ctSwEIciyTpC76MJFee7g7qWp9Mcya1zX0Qs/QF9b5fOE/UYTywle+3aLiDNZWgGDSvXB1UX586Q==",
        "dependencies": {
          "Microsoft.NETCore.Platforms": "1.1.0",
          "Microsoft.NETCore.Targets": "1.1.0",
          "System.IO": "4.3.0",
          "System.Net.Primitives": "4.3.0",
          "System.Runtime": "4.3.0",
          "System.Threading.Tasks": "4.3.0"
        }
      },
      "System.ObjectModel": {
        "type": "Transitive",
        "resolved": "4.3.0",
        "contentHash": "/5BIuE7yaQY5sWHFCG1aE3td8QVY99cm9GXv7Zu66RoDzPeC3J2/u90t3CE91cDaLam1BCULAbBEr1+sL0PsCg==",
        "dependencies": {
          "System.Collections": "4.3.0",
          "System.Diagnostics.Debug": "4.3.0",
          "System.Resources.ResourceManager": "4.3.0",
          "System.Runtime": "4.3.0",
          "System.Threading": "4.3.0"
        }
      },
      "System.Reflection": {
        "type": "Transitive",
        "resolved": "4.3.0",
        "contentHash": "JyelhWig+Ducw+Lok+GPBpqyuHw5QUFrd3Q2HICE5qNVfL35UrAxWUTCrQ3FgrS75crs+YA8LUXTsROuTbuBtQ==",
        "dependencies": {
          "Microsoft.NETCore.Platforms": "1.1.0",
          "Microsoft.NETCore.Targets": "1.1.0",
          "System.IO": "4.3.0",
          "System.Reflection.Primitives": "4.3.0",
          "System.Runtime": "4.3.0"
        }
      },
      "System.Reflection.Emit": {
        "type": "Transitive",
        "resolved": "4.3.0",
        "contentHash": "DOzkwK2UMX9Jx4aokbXZqIDZCtsJLcabT9iSVlxqN/DZmreVA66DfaZbr2CkFN96lzZgjZCjNBvohZ+GIkNiJA==",
        "dependencies": {
          "System.IO": "4.3.0",
          "System.Reflection": "4.3.0",
          "System.Reflection.Emit.ILGeneration": "4.3.0",
          "System.Reflection.Primitives": "4.3.0",
          "System.Runtime": "4.3.0"
        }
      },
      "System.Reflection.Emit.ILGeneration": {
        "type": "Transitive",
        "resolved": "4.3.0",
        "contentHash": "ptPeEbxQpgpjRXsurVmWzFUFfwLG8d6E6/yvnzFbVs1LpeDhsXouwqM9N5YwpZ5rGbuWJ6jdxFjZMjJQZfT7nA==",
        "dependencies": {
          "System.Reflection": "4.3.0",
          "System.Reflection.Primitives": "4.3.0",
          "System.Runtime": "4.3.0"
        }
      },
      "System.Reflection.Emit.Lightweight": {
        "type": "Transitive",
        "resolved": "4.3.0",
        "contentHash": "YR9Tz48rkwr/XMhfFRwPg8DUS4F2Rrs4OzZ8ZELjqyY1ZQWK7/O/2ye6EFd+QveVGauZFQsVyXkVXQCoucgdSQ==",
        "dependencies": {
          "System.Reflection": "4.3.0",
          "System.Reflection.Emit.ILGeneration": "4.3.0",
          "System.Reflection.Primitives": "4.3.0",
          "System.Runtime": "4.3.0"
        }
      },
      "System.Reflection.Extensions": {
        "type": "Transitive",
        "resolved": "4.3.0",
        "contentHash": "JwwjAgnfievCAWIMxsNE2lk9TVv9Rdayxmtrypji5NgnGWiLQ10XabgQMlcG/4H1yxFkxZ3GO5EpQ5VTYTPa1g==",
        "dependencies": {
          "Microsoft.NETCore.Platforms": "1.1.0",
          "Microsoft.NETCore.Targets": "1.1.0",
          "System.Reflection": "4.3.0",
          "System.Runtime": "4.3.0"
        }
      },
      "System.Reflection.Primitives": {
        "type": "Transitive",
        "resolved": "4.3.0",
        "contentHash": "2VJ+Fr6bcKfiWmztfnludujXFnYiD70s8Dfhc8LWKZE1KwM9KBUyZDlEHga0DhU+ox7w5+7lhL66k/mh8yO0FQ==",
        "dependencies": {
          "Microsoft.NETCore.Platforms": "1.1.0",
          "Microsoft.NETCore.Targets": "1.1.0",
          "System.Runtime": "4.3.0"
        }
      },
      "System.Reflection.TypeExtensions": {
        "type": "Transitive",
        "resolved": "4.3.0",
        "contentHash": "bJ6SVSmqWubXYAt6Hkn+tiKIWBKA2berdB9KOdk4a7Ai0NsZ8y48WnWFC3DQhuw+AgV7gh6esdl5bRHB77kO9g==",
        "dependencies": {
          "System.Reflection": "4.3.0",
          "System.Runtime": "4.3.0"
        }
      },
      "System.Resources.ResourceManager": {
        "type": "Transitive",
        "resolved": "4.3.0",
        "contentHash": "+HnKm1lVHp+JEbCgtxxFU6tq78BkDvXkF6dfrU2Y24pYZYu0JnHyqNfMNX8WsQXJE7wTsa0aVKEzBTY+0jtR0g==",
        "dependencies": {
          "Microsoft.NETCore.Platforms": "1.1.0",
          "Microsoft.NETCore.Targets": "1.1.0",
          "System.Globalization": "4.3.0",
          "System.Reflection": "4.3.0",
          "System.Runtime": "4.3.0"
        }
      },
      "System.Runtime": {
        "type": "Transitive",
        "resolved": "4.3.0",
        "contentHash": "g0nvIoLHa6ukhpp7qaopDytFoDJ7jol1s8whSwrML1FLghYeEbxd+vrreZpvGEeQ7GPc3ZPpbNWBfL4DUFkKlg==",
        "dependencies": {
          "Microsoft.NETCore.Platforms": "1.1.0",
          "Microsoft.NETCore.Targets": "1.1.0"
        }
      },
      "System.Runtime.Extensions": {
        "type": "Transitive",
        "resolved": "4.3.0",
        "contentHash": "cCrGDv43e8u3ctfV0vIEek/MobqHl63rWjY1AbdMs/zEKel2qS7s6JL12WEWIq38kOVRFt2L6MJHs7Sjn/s2/g==",
        "dependencies": {
          "Microsoft.NETCore.Platforms": "1.1.0",
          "Microsoft.NETCore.Targets": "1.1.0",
          "System.Runtime": "4.3.0"
        }
      },
      "System.Runtime.Handles": {
        "type": "Transitive",
        "resolved": "4.3.0",
        "contentHash": "5fplj+kDBHQtWm6bHQ9i/XUFWDjuIsGK2uxngM9miaIJLLsfA6IEDCSiPb+AsbvbBiwtkAtjsIpo6noHF38vuA==",
        "dependencies": {
          "Microsoft.NETCore.Platforms": "1.1.0",
          "Microsoft.NETCore.Targets": "1.1.0",
          "System.Runtime": "4.3.0"
        }
      },
      "System.Runtime.InteropServices": {
        "type": "Transitive",
        "resolved": "4.3.0",
        "contentHash": "qtu+hthF0lNAzuLB4mOdqludncLGYJwg/vksM37nCmt9+R66unX4GAHOj0uteCeLrzygl6Ua2u6pd38XPQBJAA==",
        "dependencies": {
          "Microsoft.NETCore.Platforms": "1.1.0",
          "Microsoft.NETCore.Targets": "1.1.0",
          "System.Reflection": "4.3.0",
          "System.Reflection.Primitives": "4.3.0",
          "System.Runtime": "4.3.0",
          "System.Runtime.Handles": "4.3.0"
        }
      },
      "System.Runtime.InteropServices.RuntimeInformation": {
        "type": "Transitive",
        "resolved": "4.3.0",
        "contentHash": "Kk5iyofXOsMSDYLwjPDGqI3xbTLaxAHg2PnMFpb92j2Ps1wwXS4L9L/Mqaq1BSPCgb4u+9Fb9j95RG95V8BRYg==",
        "dependencies": {
          "System.Reflection": "4.3.0",
          "System.Reflection.Extensions": "4.3.0",
          "System.Resources.ResourceManager": "4.3.0",
          "System.Runtime": "4.3.0",
          "System.Runtime.InteropServices": "4.3.0",
          "System.Threading": "4.3.0",
          "runtime.native.System": "4.3.0"
        }
      },
      "System.Runtime.Numerics": {
        "type": "Transitive",
        "resolved": "4.3.0",
        "contentHash": "EuUT5+WkayLsuzgGAsmbYcku8Xx92PdDeHzlX4+h1xRAgJ/6xsGWGhqt9sdQKFPLu115tAHTRo9DhtIxrBeEvA==",
        "dependencies": {
          "System.Globalization": "4.3.0",
          "System.Resources.ResourceManager": "4.3.0",
          "System.Runtime": "4.3.0",
          "System.Runtime.Extensions": "4.3.0"
        }
      },
      "System.Security.Cryptography.Algorithms": {
        "type": "Transitive",
        "resolved": "4.3.0",
        "contentHash": "AG0c4FkEofkjpOTB+oVqs74zfu1pjya0vXNyz/KW/ZNPR7xdRiyfHAGIAOyFq5P3mGkOi4Q9hIa9oi9CsQrdCQ==",
        "dependencies": {
          "Microsoft.NETCore.Platforms": "1.1.0",
          "System.Collections": "4.3.0",
          "System.IO": "4.3.0",
          "System.Resources.ResourceManager": "4.3.0",
          "System.Runtime": "4.3.0",
          "System.Runtime.Extensions": "4.3.0",
          "System.Runtime.Handles": "4.3.0",
          "System.Runtime.InteropServices": "4.3.0",
          "System.Runtime.Numerics": "4.3.0",
          "System.Security.Cryptography.Encoding": "4.3.0",
          "System.Security.Cryptography.Primitives": "4.3.0",
          "System.Text.Encoding": "4.3.0",
          "runtime.native.System.Security.Cryptography.Apple": "4.3.0",
          "runtime.native.System.Security.Cryptography.OpenSsl": "4.3.0"
        }
      },
      "System.Security.Cryptography.Cng": {
        "type": "Transitive",
        "resolved": "4.3.0",
        "contentHash": "8S9ZdOre77bNJlObCdIqoz+mjolNwe8cXp08hPCR+N4XTPspnZQPrqw6FPqyB1co+NRmtTvwR1veHboV1VGi/A==",
        "dependencies": {
          "Microsoft.NETCore.Platforms": "1.1.0",
          "System.IO": "4.3.0",
          "System.Resources.ResourceManager": "4.3.0",
          "System.Runtime": "4.3.0",
          "System.Runtime.Extensions": "4.3.0",
          "System.Runtime.Handles": "4.3.0",
          "System.Runtime.InteropServices": "4.3.0",
          "System.Security.Cryptography.Algorithms": "4.3.0",
          "System.Security.Cryptography.Encoding": "4.3.0",
          "System.Security.Cryptography.Primitives": "4.3.0",
          "System.Text.Encoding": "4.3.0"
        }
      },
      "System.Security.Cryptography.Csp": {
        "type": "Transitive",
        "resolved": "4.3.0",
        "contentHash": "n0lbf7i5pIjncD5bub0oOc4yceKAfUms+6wRgFhnO96O3xB8x2ttUNMF7vjuBGbJEmhR0cz1s+ofWhIRGYQEXA==",
        "dependencies": {
          "Microsoft.NETCore.Platforms": "1.1.0",
          "System.IO": "4.3.0",
          "System.Reflection": "4.3.0",
          "System.Resources.ResourceManager": "4.3.0",
          "System.Runtime": "4.3.0",
          "System.Runtime.Extensions": "4.3.0",
          "System.Runtime.Handles": "4.3.0",
          "System.Runtime.InteropServices": "4.3.0",
          "System.Security.Cryptography.Algorithms": "4.3.0",
          "System.Security.Cryptography.Encoding": "4.3.0",
          "System.Security.Cryptography.Primitives": "4.3.0",
          "System.Text.Encoding": "4.3.0",
          "System.Threading": "4.3.0"
        }
      },
      "System.Security.Cryptography.Encoding": {
        "type": "Transitive",
        "resolved": "4.3.0",
        "contentHash": "hPdmDV+9nvggitWsvMH7jR/uH1EYVpA5yUl+sxiHVBMEuxjPgOZNy9hxr6FQ0wzcZXggMBWYdoGdZWNprEk3kg==",
        "dependencies": {
          "Microsoft.NETCore.Platforms": "1.1.0",
          "System.Collections": "4.3.0",
          "System.Collections.Concurrent": "4.3.0",
          "System.Linq": "4.3.0",
          "System.Resources.ResourceManager": "4.3.0",
          "System.Runtime": "4.3.0",
          "System.Runtime.Extensions": "4.3.0",
          "System.Runtime.Handles": "4.3.0",
          "System.Runtime.InteropServices": "4.3.0",
          "System.Security.Cryptography.Primitives": "4.3.0",
          "System.Text.Encoding": "4.3.0",
          "runtime.native.System.Security.Cryptography.OpenSsl": "4.3.0"
        }
      },
      "System.Security.Cryptography.OpenSsl": {
        "type": "Transitive",
        "resolved": "4.3.0",
        "contentHash": "RT/HP/1+eFtNMGen+BrSThOykYsz1eSCrKbEbvH6o0gxacy/vJz3P6umX9wxtgZ9YyjKmX3R4j/wc5hRuw8XBg==",
        "dependencies": {
          "System.Collections": "4.3.0",
          "System.IO": "4.3.0",
          "System.Resources.ResourceManager": "4.3.0",
          "System.Runtime": "4.3.0",
          "System.Runtime.Extensions": "4.3.0",
          "System.Runtime.Handles": "4.3.0",
          "System.Runtime.InteropServices": "4.3.0",
          "System.Runtime.Numerics": "4.3.0",
          "System.Security.Cryptography.Algorithms": "4.3.0",
          "System.Security.Cryptography.Encoding": "4.3.0",
          "System.Security.Cryptography.Primitives": "4.3.0",
          "System.Text.Encoding": "4.3.0",
          "runtime.native.System.Security.Cryptography.OpenSsl": "4.3.0"
        }
      },
      "System.Security.Cryptography.Primitives": {
        "type": "Transitive",
        "resolved": "4.3.0",
        "contentHash": "ph2Y/G1qjK6EZ8NX0mLPjCR8jRYRD9TFU4B+EEweNeHPe9MXxPW441vhOWYNI8L2hPtDHeVnyC71LGHiIri7rg==",
        "dependencies": {
          "System.Diagnostics.Debug": "4.3.0",
          "System.Globalization": "4.3.0",
          "System.IO": "4.3.0",
          "System.Resources.ResourceManager": "4.3.0",
          "System.Runtime": "4.3.0",
          "System.Threading": "4.3.0",
          "System.Threading.Tasks": "4.3.0"
        }
      },
      "System.Security.Cryptography.X509Certificates": {
        "type": "Transitive",
        "resolved": "4.3.0",
        "contentHash": "hrkTM6083OPVtkysIQrkn9rxMXJGgfEhSH7W2bvIJTrya50hfVYXRogu1yeHVraDFduDZAxIQ6Tn0+A/Ex/iFw==",
        "dependencies": {
          "Microsoft.NETCore.Platforms": "1.1.0",
          "System.Collections": "4.3.0",
          "System.Diagnostics.Debug": "4.3.0",
          "System.Globalization": "4.3.0",
          "System.Globalization.Calendars": "4.3.0",
          "System.IO": "4.3.0",
          "System.IO.FileSystem": "4.3.0",
          "System.IO.FileSystem.Primitives": "4.3.0",
          "System.Resources.ResourceManager": "4.3.0",
          "System.Runtime": "4.3.0",
          "System.Runtime.Extensions": "4.3.0",
          "System.Runtime.Handles": "4.3.0",
          "System.Runtime.InteropServices": "4.3.0",
          "System.Runtime.Numerics": "4.3.0",
          "System.Security.Cryptography.Algorithms": "4.3.0",
          "System.Security.Cryptography.Cng": "4.3.0",
          "System.Security.Cryptography.Csp": "4.3.0",
          "System.Security.Cryptography.Encoding": "4.3.0",
          "System.Security.Cryptography.OpenSsl": "4.3.0",
          "System.Security.Cryptography.Primitives": "4.3.0",
          "System.Text.Encoding": "4.3.0",
          "System.Threading": "4.3.0",
          "runtime.native.System": "4.3.0",
          "runtime.native.System.Net.Http": "4.3.0",
          "runtime.native.System.Security.Cryptography.OpenSsl": "4.3.0"
        }
      },
      "System.Text.Encoding": {
        "type": "Transitive",
        "resolved": "4.3.0",
        "contentHash": "+psTt6jz+QUFl0SrYbhqxdUmJ/IdrIielDCEBHcFLK7vDuffKQ+DONX2fmKEuHJLAVdHr2W2SSDcAcuEuuB+jA==",
        "dependencies": {
          "Microsoft.NETCore.Platforms": "1.1.0",
          "Microsoft.NETCore.Targets": "1.1.0",
          "System.Runtime": "4.3.0"
        }
      },
      "System.Text.Encoding.Extensions": {
        "type": "Transitive",
        "resolved": "4.3.0",
        "contentHash": "/fU4HCMf8vB9N9bLUiJUhJRbv3QDmizsczwTdui/UC9ofFk6+FvTlPZ88v5A4+nsIT5DeOODDAykjgaRXVtyYg==",
        "dependencies": {
          "Microsoft.NETCore.Platforms": "1.1.0",
          "Microsoft.NETCore.Targets": "1.1.0",
          "System.Runtime": "4.3.0",
          "System.Text.Encoding": "4.3.0"
        }
      },
      "System.Text.RegularExpressions": {
        "type": "Transitive",
        "resolved": "4.3.0",
        "contentHash": "6z5yn/khBMTkW7OoRSVybSocCl/jKhcjMI1OxhDwbTovGnJgVgI7WlD4fpUhtaZ3cswqrJJ2ZbGJf4nrvestuQ==",
        "dependencies": {
          "System.Runtime": "4.3.0"
        }
      },
      "System.Threading": {
        "type": "Transitive",
        "resolved": "4.3.0",
        "contentHash": "XLLV8vxTumPOirsLlC+nT5L4ZqRKHpvF3Q1/vED0HdZ+uaMY2uZIKcwlM0iCH/WN+055ApiSUlZsyUCduTZSng==",
        "dependencies": {
          "System.Runtime": "4.3.0",
          "System.Threading.Tasks": "4.3.0"
        }
      },
      "System.Threading.Tasks": {
        "type": "Transitive",
        "resolved": "4.3.0",
        "contentHash": "X3BgKRYfdM3GcuJKLPBslIJcQ95xPTW9BWsgkDlsA+pVDcYmNZZ6LuoItJzNFDXS+AqEoayKZ7cuBy84O7+R4w==",
        "dependencies": {
          "Microsoft.NETCore.Platforms": "1.1.0",
          "Microsoft.NETCore.Targets": "1.1.0",
          "System.Runtime": "4.3.0"
        }
      },
      "System.Threading.Tasks.Extensions": {
        "type": "Transitive",
        "resolved": "4.3.0",
        "contentHash": "DF/PVBsSRTM1lZUN77/7LI/feo0LvSepbtPumoKkRDXueunq9oFb/JfANSSZDuNDQjj+9sl4c4wGS/PPFVBong==",
        "dependencies": {
          "System.Collections": "4.3.0",
          "System.Runtime": "4.3.0",
          "System.Threading.Tasks": "4.3.0"
        }
      },
      "System.Threading.Timer": {
        "type": "Transitive",
        "resolved": "4.3.0",
        "contentHash": "j7v5IWoCuUmzb6KpHy/lqsjFzhD9C4dhhVu9NTUg0bCRgU2cI0EjeuOzMwgPqzUKjgX/BDkmzMl9Ehj987PoYg==",
        "dependencies": {
          "Microsoft.NETCore.Platforms": "1.1.0",
          "Microsoft.NETCore.Targets": "1.1.0",
          "System.Runtime": "4.3.0"
        }
      },
      "System.Xml.ReaderWriter": {
        "type": "Transitive",
        "resolved": "4.3.0",
        "contentHash": "kl6ORrV5jQfJLCNtYkgH7M7m3at4rZOUnXl8KqFvDjLOCtbErT4DLb6/EEM7WOYEZdQcxw67EvDRxVa0mNq8Xg==",
        "dependencies": {
          "System.Collections": "4.3.0",
          "System.Diagnostics.Debug": "4.3.0",
          "System.Globalization": "4.3.0",
          "System.IO": "4.3.0",
          "System.IO.FileSystem": "4.3.0",
          "System.IO.FileSystem.Primitives": "4.3.0",
          "System.Resources.ResourceManager": "4.3.0",
          "System.Runtime": "4.3.0",
          "System.Runtime.Extensions": "4.3.0",
          "System.Runtime.InteropServices": "4.3.0",
          "System.Text.Encoding": "4.3.0",
          "System.Text.Encoding.Extensions": "4.3.0",
          "System.Text.RegularExpressions": "4.3.0",
          "System.Threading.Tasks": "4.3.0",
          "System.Threading.Tasks.Extensions": "4.3.0"
        }
      },
      "System.Xml.XDocument": {
        "type": "Transitive",
        "resolved": "4.3.0",
        "contentHash": "XRPLRD8WzCgTo4mbmcVkHVNLMYG8/9oOsy+dnTidjIDEVlkS7jkDQUG4B7ftyQhRTYGJ3GwmaVyvYq4TxxhNVw==",
        "dependencies": {
          "System.Collections": "4.3.0",
          "System.Diagnostics.Debug": "4.3.0",
          "System.Diagnostics.Tools": "4.3.0",
          "System.Globalization": "4.3.0",
          "System.IO": "4.3.0",
          "System.Reflection": "4.3.0",
          "System.Resources.ResourceManager": "4.3.0",
          "System.Runtime": "4.3.0",
          "System.Runtime.Extensions": "4.3.0",
          "System.Text.Encoding": "4.3.0",
          "System.Threading": "4.3.0",
          "System.Xml.ReaderWriter": "4.3.0"
        }
      },
      "Microsoft.Oryx.BuildScriptGenerator.Common": {
        "type": "Project",
        "dependencies": {
          "JetBrains.Annotations": "2018.3.0",
          "Microsoft.ApplicationInsights": "2.10.0",
          "Microsoft.ApplicationInsights.NLogTarget": "2.10.0",
          "Microsoft.Extensions.Logging": "3.1.5",
          "Microsoft.Oryx.Common": "0.2.0-0.0",
          "Newtonsoft.Json": "11.0.2",
          "SemanticVersioning": "1.2.0"
        }
      },
      "Microsoft.Oryx.Common": {
        "type": "Project",
        "dependencies": {
          "Microsoft.Extensions.Logging": "3.1.5",
          "Nett": "0.13.0",
          "Newtonsoft.Json": "11.0.2",
          "YamlDotNet": "8.0.0"
        }
      }
    }
  }
}