
Microsoft Visual Studio Solution File, Format Version 12.00
# Visual Studio 15
VisualStudioVersion = 15.0.28307.168
MinimumVisualStudioVersion = 10.0.40219.1
Project("{9A19103F-16F7-4668-BE54-9A1E7A4F7556}") = "NetCoreApp22MultiProjectApp", "src\NetCoreApp22MultiProjectApp\NetCoreApp22MultiProjectApp.csproj", "{2AA4A7F3-C6DC-4FF1-BDBB-A4791FE8FCD0}"
EndProject
Project("{FAE04EC0-301F-11D3-BF4B-00C04F79EFBC}") = "Greeter", "src\Greeter\Greeter.csproj", "{8B177925-71B7-4647-9CAE-39AAE12C706B}"
EndProject
Global
	GlobalSection(SolutionConfigurationPlatforms) = preSolution
		Debug|Any CPU = Debug|Any CPU
		Release|Any CPU = Release|Any CPU
	EndGlobalSection
	GlobalSection(ProjectConfigurationPlatforms) = postSolution
		{2AA4A7F3-C6DC-4FF1-BDBB-A4791FE8FCD0}.Debug|Any CPU.ActiveCfg = Debug|Any CPU
		{2AA4A7F3-C6DC-4FF1-BDBB-A4791FE8FCD0}.Debug|Any CPU.Build.0 = Debug|Any CPU
		{2AA4A7F3-C6DC-4FF1-BDBB-A4791FE8FCD0}.Release|Any CPU.ActiveCfg = Release|Any CPU
		{2AA4A7F3-C6DC-4FF1-BDBB-A4791FE8FCD0}.Release|Any CPU.Build.0 = Release|Any CPU
		{8B177925-71B7-4647-9CAE-39AAE12C706B}.Debug|Any CPU.ActiveCfg = Debug|Any CPU
		{8B177925-71B7-4647-9CAE-39AAE12C706B}.Debug|Any CPU.Build.0 = Debug|Any CPU
		{8B177925-71B7-4647-9CAE-39AAE12C706B}.Release|Any CPU.ActiveCfg = Release|Any CPU
		{8B177925-71B7-4647-9CAE-39AAE12C706B}.Release|Any CPU.Build.0 = Release|Any CPU
	EndGlobalSection
	GlobalSection(SolutionProperties) = preSolution
		HideSolutionNode = FALSE
	EndGlobalSection
	GlobalSection(ExtensibilityGlobals) = postSolution
		SolutionGuid = {764F1599-4B25-409B-9426-64FB44354F4A}
	EndGlobalSection
EndGlobal
