{
  "version": 1,
  "dependencies": {
    ".NETCoreApp,Version=v3.1": {
      "JsonFlatFileDataStore": {
        "type": "Direct",
        "requested": "[2.2.3, )",
        "resolved": "2.2.3",
        "contentHash": "bnyQaPtJlGSETiI+xl9tY9ll5Ecemr1u3eZaBp5l2gG0uFOmm9GAFol0MHmOS8W7MMU9l8UPGFv5v3b/LsNogA==",
        "dependencies": {
          "Microsoft.CSharp": "4.5.0",
          "Newtonsoft.Json": "12.0.1"
        }
      },
      "McMaster.Extensions.CommandLineUtils": {
        "type": "Direct",
        "requested": "[2.3.4, )",
        "resolved": "2.3.4",
        "contentHash": "MbHigfGOQYQZcCtV1B28Q+OtsYDt7xrj5orkaIZu2yIjbYzyRMe5/eOPyJQrgI6zKL/o6bcd+07IApZOL9wJZw==",
        "dependencies": {
          "System.ComponentModel.Annotations": "4.4.1"
        }
      },
      "Microsoft.CodeAnalysis.FxCopAnalyzers": {
        "type": "Direct",
        "requested": "[3.3.1, )",
        "resolved": "3.3.1",
        "contentHash": "O6L7wOD6dmytWZr4ulw6wLYk8QmsO/TlBHyWOB2OQKnUm31JGOXEncJjVm8Fw24BDzP22wfsleWFidiNU/DIsA==",
        "dependencies": {
          "Microsoft.CodeAnalysis.VersionCheckAnalyzer": "[3.3.1]",
          "Microsoft.CodeQuality.Analyzers": "[3.3.1]",
          "Microsoft.NetCore.Analyzers": "[3.3.1]",
          "Microsoft.NetFramework.Analyzers": "[3.3.1]"
        }
      },
      "Microsoft.VisualStudio.Azure.Containers.Tools.Targets": {
        "type": "Direct",
        "requested": "[1.14.0, )",
        "resolved": "1.14.0",
        "contentHash": "yORzATlNmCp4kEwkxznLZ3maTaUJc5yTcu3aPufY8Tq4141/bRRWsa91u8I24MR3BTCCJlZO98xuQWB4arlKCw=="
      },
      "Microsoft.VisualStudio.Threading.Analyzers": {
        "type": "Direct",
        "requested": "[16.4.45, )",
        "resolved": "16.4.45",
        "contentHash": "LewQ3fiBejl+Rhzb7VNTALDm4o8IzYsGcccp5RoRAkcZKsGQnGFuvcLZYVQXUOBOH0YCnCeOBexCBnYkBAFo/g=="
      },
      "RunProcessAsTask": {
        "type": "Direct",
        "requested": "[1.2.4, )",
        "resolved": "1.2.4",
        "contentHash": "ndU9F3ohMQpCe34cen8LvtVY2xCUWF++jEJworvq6IuazF9FQUwnuT/8we6wbgOdHC20aHCduGnjuA5D0azbAQ=="
      },
      "SmartAnalyzers.CSharpExtensions.Annotations": {
        "type": "Direct",
        "requested": "[3.3.0, )",
        "resolved": "3.3.0",
        "contentHash": "YNS+AXRMe9yoP3KlPPQUsN5H9RVYwxRxc8OUU/zzjPZGf2Ya0C6Z6TwWaVMffe8l7pg1EJJz3evDt42KZEelkw=="
      },
      "StyleCop.Analyzers": {
        "type": "Direct",
        "requested": "[1.2.0-beta.376, )",
        "resolved": "1.2.0-beta.376",
        "contentHash": "uaaVoOYWfIMoWtZsNJwV0m/GI3XAi8BA71e9iBOFDPo3TtAmcGkZ2qcxItkWb6eKI90urOPmxc35BnuhluC1IA==",
        "dependencies": {
          "StyleCop.Analyzers.Unstable": "1.2.0.376"
        }
      },
      "Swashbuckle.AspNetCore": {
        "type": "Direct",
        "requested": "[6.2.3, )",
        "resolved": "6.2.3",
        "contentHash": "cnzQDn0Le+hInsw2SYwlOhOCPXpYi/szcvnyqZJ12v+QyrLBwAmWXBg6RIyHB18s/mLeywC+Rg2O9ndz0IUNYQ==",
        "dependencies": {
          "Microsoft.Extensions.ApiDescription.Server": "3.0.0",
          "Swashbuckle.AspNetCore.Swagger": "6.2.3",
          "Swashbuckle.AspNetCore.SwaggerGen": "6.2.3",
          "Swashbuckle.AspNetCore.SwaggerUI": "6.2.3"
        }
      },
      "Microsoft.CodeAnalysis.VersionCheckAnalyzer": {
        "type": "Transitive",
        "resolved": "3.3.1",
        "contentHash": "ZUMf70abtWvwevkLFOlEHDck81oZCsi9jBHODDSSH2YPQdtCKzeQfaWWnAmn2ii7N3Q2V2arOj4Mu8ZTTSs3PA=="
      },
      "Microsoft.CodeQuality.Analyzers": {
        "type": "Transitive",
        "resolved": "3.3.1",
        "contentHash": "h6o+zBUf47OFarRQn6LjwUNFvRUyUWLWcnunw6vLCxSDBmgPDQCsrsWpEtMz/+NKBvOeikVJobscarx3Wgtbiw=="
      },
      "Microsoft.CSharp": {
        "type": "Transitive",
        "resolved": "4.5.0",
        "contentHash": "kaj6Wb4qoMuH3HySFJhxwQfe8R/sJsNJnANrvv8WdFPMoNbKY5htfNscv+LHCu5ipz+49m2e+WQXpLXr9XYemQ=="
      },
      "Microsoft.Extensions.ApiDescription.Server": {
        "type": "Transitive",
        "resolved": "3.0.0",
        "contentHash": "LH4OE/76F6sOCslif7+Xh3fS/wUUrE5ryeXAMcoCnuwOQGT5Smw0p57IgDh/pHgHaGz/e+AmEQb7pRgb++wt0w=="
      },
      "Microsoft.NetCore.Analyzers": {
        "type": "Transitive",
        "resolved": "3.3.1",
        "contentHash": "8Ez3EImhFioAsB4bR2bBLA3Pkcz8K/VI6jPdnm98nLu+rodZU8s8QRjRnkrQEnC6VcVAVZJ8W7DL9yrfDsgjqQ=="
      },
      "Microsoft.NetFramework.Analyzers": {
        "type": "Transitive",
        "resolved": "3.3.1",
        "contentHash": "EI5Afqt03Kq4Wy5Ot6nGvnwunisM9ORi5L9fteCCOK1Wh283wAhM1dIOWOsBN3jlFbw1VTeVPR8oPz9J9xlHLw=="
      },
      "Microsoft.OpenApi": {
        "type": "Transitive",
        "resolved": "1.2.3",
        "contentHash": "Nug3rO+7Kl5/SBAadzSMAVgqDlfGjJZ0GenQrLywJ84XGKO0uRqkunz5Wyl0SDwcR71bAATXvSdbdzPrYRYKGw=="
      },
      "Newtonsoft.Json": {
        "type": "Transitive",
        "resolved": "12.0.1",
        "contentHash": "pBR3wCgYWZGiaZDYP+HHYnalVnPJlpP1q55qvVb+adrDHmFMDc1NAKio61xTwftK3Pw5h7TZJPJEEVMd6ty8rg=="
      },
      "StyleCop.Analyzers.Unstable": {
        "type": "Transitive",
        "resolved": "1.2.0.376",
        "contentHash": "a009jDRd7zP6h+jenZ7nGjqkkFkEuxmT9FeM334cLDwodfU2x/nNcsFqw2Pjd4wVPiyX+qjLq+vhhbE3OPzFMw=="
      },
      "Swashbuckle.AspNetCore.Swagger": {
        "type": "Transitive",
        "resolved": "6.2.3",
        "contentHash": "qOF7j1sL0bWm8g/qqHVPCvkO3JlVvUIB8WfC98kSh6BT5y5DAnBNctfac7XR5EZf+eD7/WasvANncTqwZYfmWQ==",
        "dependencies": {
          "Microsoft.OpenApi": "1.2.3"
        }
      },
      "Swashbuckle.AspNetCore.SwaggerGen": {
        "type": "Transitive",
        "resolved": "6.2.3",
        "contentHash": "+Xq7WdMCCfcXlnbLJVFNgY8ITdP2TRYIlpbt6IKzDw5FwFxdi9lBfNDtcT+/wkKwX70iBBFmXldnnd02/VO72A==",
        "dependencies": {
          "Swashbuckle.AspNetCore.Swagger": "6.2.3"
        }
      },
      "Swashbuckle.AspNetCore.SwaggerUI": {
        "type": "Transitive",
        "resolved": "6.2.3",
        "contentHash": "bCRI87uKJVb4G+KURWm8LQrL64St04dEFZcF6gIM67Zc0Sr/N47EO83ybLMYOvfNdO1DCv8xwPcrz9J/VEhQ5g=="
      },
      "System.ComponentModel.Annotations": {
        "type": "Transitive",
        "resolved": "4.4.1",
        "contentHash": "ToiYqSCioqhtspq2O/jYKtyTC/T0uwWHBTYlzCi6PRbSSHArN1IaRWeHffDamvms5sye5FDUWCfNZgubQpNRsA=="
      }
    }
  }
}